// !$*UTF8*$!
{
	archiveVersion = 1;
	classes = {
	};
	objectVersion = 46;
	objects = {

/* Begin PBXBuildFile section */
		430503121D89868700CA73D1 /* UniversityViewController.m in Sources */ = {isa = PBXBuildFile; fileRef = 430503111D89868700CA73D1 /* UniversityViewController.m */; };
		430503151D89911600CA73D1 /* UniversityLocations.m in Sources */ = {isa = PBXBuildFile; fileRef = 430503141D89911600CA73D1 /* UniversityLocations.m */; };
		430503181D8998F600CA73D1 /* SetupLoginDetailsViewController.m in Sources */ = {isa = PBXBuildFile; fileRef = 430503171D8998F600CA73D1 /* SetupLoginDetailsViewController.m */; };
		4308DCA81D901462008CA934 /* ContainerForgotPasswordViewController.m in Sources */ = {isa = PBXBuildFile; fileRef = 4308DCA71D901462008CA934 /* ContainerForgotPasswordViewController.m */; };
		4308DCAB1D9025A3008CA934 /* FilterViewController.m in Sources */ = {isa = PBXBuildFile; fileRef = 4308DCAA1D9025A3008CA934 /* FilterViewController.m */; };
		430919381D8154F400EE9220 /* CurrentUserLocation.m in Sources */ = {isa = PBXBuildFile; fileRef = 430919311D8154F400EE9220 /* CurrentUserLocation.m */; };
		4309193A1D8154F400EE9220 /* SearchBarTableViewController.m in Sources */ = {isa = PBXBuildFile; fileRef = 430919351D8154F400EE9220 /* SearchBarTableViewController.m */; };
		4309193B1D8154F400EE9220 /* MapViewController.m in Sources */ = {isa = PBXBuildFile; fileRef = 430919371D8154F400EE9220 /* MapViewController.m */; };
		4309193F1D81552200EE9220 /* PinLocationData.m in Sources */ = {isa = PBXBuildFile; fileRef = 4309193E1D81552200EE9220 /* PinLocationData.m */; };
		430919421D8158A000EE9220 /* car.png in Resources */ = {isa = PBXBuildFile; fileRef = 430919411D8158A000EE9220 /* car.png */; };
		430C14B81D929D5900F76C35 /* CreateEventViewController.m in Sources */ = {isa = PBXBuildFile; fileRef = 430C14B71D929D5900F76C35 /* CreateEventViewController.m */; };
		4311A5C41DAD36B200052EE1 /* ISEmojiList.plist in Resources */ = {isa = PBXBuildFile; fileRef = 4311A5C31DAD36B200052EE1 /* ISEmojiList.plist */; };
		4319E7851D89582800FD5142 /* CommentTableViewController.m in Sources */ = {isa = PBXBuildFile; fileRef = 4319E7841D89582800FD5142 /* CommentTableViewController.m */; };
		431C45B91D895C6B00A05C11 /* MainViewController.m in Sources */ = {isa = PBXBuildFile; fileRef = 431C45B81D895C6B00A05C11 /* MainViewController.m */; };
		4335A4E11D9E5E0600DCCC3E /* EditCollectionViewController.m in Sources */ = {isa = PBXBuildFile; fileRef = 4335A4E01D9E5E0600DCCC3E /* EditCollectionViewController.m */; };
		433981411D91310B00A995B3 /* HallsOfResidence.m in Sources */ = {isa = PBXBuildFile; fileRef = 433981401D91310B00A995B3 /* HallsOfResidence.m */; };
		433B85291DA79B4F0092E5F1 /* CommentCell.xib in Resources */ = {isa = PBXBuildFile; fileRef = 433B85281DA79B4F0092E5F1 /* CommentCell.xib */; };
		433B852C1DA7A1B40092E5F1 /* CommentsTableViewCell.m in Sources */ = {isa = PBXBuildFile; fileRef = 433B852B1DA7A1B40092E5F1 /* CommentsTableViewCell.m */; };
		433B852F1DA7C8FF0092E5F1 /* AddCommentViewController.m in Sources */ = {isa = PBXBuildFile; fileRef = 433B852E1DA7C8FF0092E5F1 /* AddCommentViewController.m */; };
		434288991D9D11BE00D4E911 /* EditViewController.m in Sources */ = {isa = PBXBuildFile; fileRef = 434288981D9D11BE00D4E911 /* EditViewController.m */; };
		4350B3831D93C558001A5AE8 /* ISEmojiView.m in Sources */ = {isa = PBXBuildFile; fileRef = 4350B3811D93C558001A5AE8 /* ISEmojiView.m */; };
		436655AE1D9E6A910041F491 /* EditCell.xib in Resources */ = {isa = PBXBuildFile; fileRef = 436655AD1D9E6A910041F491 /* EditCell.xib */; };
		436655B11D9E6DD70041F491 /* EditCellCollectionViewCell.m in Sources */ = {isa = PBXBuildFile; fileRef = 436655B01D9E6DD70041F491 /* EditCellCollectionViewCell.m */; };
		436E84B01D815FA700B23402 /* flag.png in Resources */ = {isa = PBXBuildFile; fileRef = 436E84AF1D815FA700B23402 /* flag.png */; };
		4380C59D1D8FD70000FA08C5 /* FontSetup.m in Sources */ = {isa = PBXBuildFile; fileRef = 4380C59C1D8FD70000FA08C5 /* FontSetup.m */; };
		4380C5A01D8FE34E00FA08C5 /* ForgotPasswordTableViewController.m in Sources */ = {isa = PBXBuildFile; fileRef = 4380C59F1D8FE34E00FA08C5 /* ForgotPasswordTableViewController.m */; };
		438188311D86EFCB009591F4 /* ContainerViewController.m in Sources */ = {isa = PBXBuildFile; fileRef = 438188301D86EFCB009591F4 /* ContainerViewController.m */; };
		4383E10B1D93ECD50021CA30 /* FriendHeaderTableViewCell.m in Sources */ = {isa = PBXBuildFile; fileRef = 4383E10A1D93ECD50021CA30 /* FriendHeaderTableViewCell.m */; };
		4383E10D1D93ECF90021CA30 /* FriendHeader.xib in Resources */ = {isa = PBXBuildFile; fileRef = 4383E10C1D93ECF90021CA30 /* FriendHeader.xib */; };
		438A14811D8011C2005E6AF7 /* main.m in Sources */ = {isa = PBXBuildFile; fileRef = 438A14801D8011C2005E6AF7 /* main.m */; };
		438A14841D8011C2005E6AF7 /* AppDelegate.m in Sources */ = {isa = PBXBuildFile; fileRef = 438A14831D8011C2005E6AF7 /* AppDelegate.m */; };
		438A148A1D8011C2005E6AF7 /* Main.storyboard in Resources */ = {isa = PBXBuildFile; fileRef = 438A14881D8011C2005E6AF7 /* Main.storyboard */; };
		438A148C1D8011C2005E6AF7 /* Assets.xcassets in Resources */ = {isa = PBXBuildFile; fileRef = 438A148B1D8011C2005E6AF7 /* Assets.xcassets */; };
		438A148F1D8011C2005E6AF7 /* LaunchScreen.storyboard in Resources */ = {isa = PBXBuildFile; fileRef = 438A148D1D8011C2005E6AF7 /* LaunchScreen.storyboard */; };
		438A149A1D8011C2005E6AF7 /* Why_Go_SoloTests.m in Sources */ = {isa = PBXBuildFile; fileRef = 438A14991D8011C2005E6AF7 /* Why_Go_SoloTests.m */; };
		438A14B31D801E0F005E6AF7 /* Lato-Black.ttf in Resources */ = {isa = PBXBuildFile; fileRef = 438A14A81D801E0F005E6AF7 /* Lato-Black.ttf */; };
		438A14B41D801E0F005E6AF7 /* Lato-BlackItalic.ttf in Resources */ = {isa = PBXBuildFile; fileRef = 438A14A91D801E0F005E6AF7 /* Lato-BlackItalic.ttf */; };
		438A14B51D801E0F005E6AF7 /* Lato-Bold.ttf in Resources */ = {isa = PBXBuildFile; fileRef = 438A14AA1D801E0F005E6AF7 /* Lato-Bold.ttf */; };
		438A14B61D801E0F005E6AF7 /* Lato-BoldItalic.ttf in Resources */ = {isa = PBXBuildFile; fileRef = 438A14AB1D801E0F005E6AF7 /* Lato-BoldItalic.ttf */; };
		438A14B71D801E0F005E6AF7 /* Lato-Hairline.ttf in Resources */ = {isa = PBXBuildFile; fileRef = 438A14AC1D801E0F005E6AF7 /* Lato-Hairline.ttf */; };
		438A14B81D801E0F005E6AF7 /* Lato-HairlineItalic.ttf in Resources */ = {isa = PBXBuildFile; fileRef = 438A14AD1D801E0F005E6AF7 /* Lato-HairlineItalic.ttf */; };
		438A14B91D801E0F005E6AF7 /* Lato-Italic.ttf in Resources */ = {isa = PBXBuildFile; fileRef = 438A14AE1D801E0F005E6AF7 /* Lato-Italic.ttf */; };
		438A14BA1D801E0F005E6AF7 /* Lato-Light.ttf in Resources */ = {isa = PBXBuildFile; fileRef = 438A14AF1D801E0F005E6AF7 /* Lato-Light.ttf */; };
		438A14BB1D801E0F005E6AF7 /* Lato-LightItalic.ttf in Resources */ = {isa = PBXBuildFile; fileRef = 438A14B01D801E0F005E6AF7 /* Lato-LightItalic.ttf */; };
		438A14BC1D801E0F005E6AF7 /* Lato-Regular.ttf in Resources */ = {isa = PBXBuildFile; fileRef = 438A14B11D801E0F005E6AF7 /* Lato-Regular.ttf */; };
		438A14BD1D801E0F005E6AF7 /* OFL.txt in Resources */ = {isa = PBXBuildFile; fileRef = 438A14B21D801E0F005E6AF7 /* OFL.txt */; };
		43A325F21DA4EE2F0017FE27 /* OverlayView.xib in Resources */ = {isa = PBXBuildFile; fileRef = 43A325F11DA4EE2F0017FE27 /* OverlayView.xib */; };
		43A325F51DA4EE620017FE27 /* OverlayView.m in Sources */ = {isa = PBXBuildFile; fileRef = 43A325F41DA4EE620017FE27 /* OverlayView.m */; };
		43A8935F1D8057AE00BEA24B /* Events.xib in Resources */ = {isa = PBXBuildFile; fileRef = 43A893561D8057AE00BEA24B /* Events.xib */; };
		43A893601D8057AE00BEA24B /* FooterEventsTableViewCell.m in Sources */ = {isa = PBXBuildFile; fileRef = 43A893581D8057AE00BEA24B /* FooterEventsTableViewCell.m */; };
		43A893611D8057AE00BEA24B /* HeaderEventsTableViewCell.m in Sources */ = {isa = PBXBuildFile; fileRef = 43A8935A1D8057AE00BEA24B /* HeaderEventsTableViewCell.m */; };
		43A893621D8057AE00BEA24B /* EventsTableViewCell.m in Sources */ = {isa = PBXBuildFile; fileRef = 43A8935C1D8057AE00BEA24B /* EventsTableViewCell.m */; };
		43A893631D8057AE00BEA24B /* FooterEvents.xib in Resources */ = {isa = PBXBuildFile; fileRef = 43A8935D1D8057AE00BEA24B /* FooterEvents.xib */; };
		43A893641D8057AE00BEA24B /* HeaderEvents.xib in Resources */ = {isa = PBXBuildFile; fileRef = 43A8935E1D8057AE00BEA24B /* HeaderEvents.xib */; };
		43A893681D8057FA00BEA24B /* EventTableViewController.m in Sources */ = {isa = PBXBuildFile; fileRef = 43A893671D8057FA00BEA24B /* EventTableViewController.m */; };
		43A8936A1D805D8700BEA24B /* profile.png in Resources */ = {isa = PBXBuildFile; fileRef = 43A893691D805D8700BEA24B /* profile.png */; };
		43ACED5B1D87EDAC008D949C /* DeleteConfirmationViewController.m in Sources */ = {isa = PBXBuildFile; fileRef = 43ACED5A1D87EDAC008D949C /* DeleteConfirmationViewController.m */; };
		43B4009C1D86BDE70094DFB6 /* PeopleEvent.xib in Resources */ = {isa = PBXBuildFile; fileRef = 43B4009B1D86BDE70094DFB6 /* PeopleEvent.xib */; };
		43B4009F1D86C0F20094DFB6 /* PeopleEventTableViewCell.m in Sources */ = {isa = PBXBuildFile; fileRef = 43B4009E1D86C0F20094DFB6 /* PeopleEventTableViewCell.m */; };
		43B981C71D95220400E7DD05 /* angry_birds_cake.jpg in Resources */ = {isa = PBXBuildFile; fileRef = 43B981B61D95220400E7DD05 /* angry_birds_cake.jpg */; };
		43B981C81D95220400E7DD05 /* creme_brelee.jpg in Resources */ = {isa = PBXBuildFile; fileRef = 43B981B71D95220400E7DD05 /* creme_brelee.jpg */; };
		43B981C91D95220400E7DD05 /* egg_benedict.jpg in Resources */ = {isa = PBXBuildFile; fileRef = 43B981B81D95220400E7DD05 /* egg_benedict.jpg */; };
		43B981CA1D95220400E7DD05 /* full_breakfast.jpg in Resources */ = {isa = PBXBuildFile; fileRef = 43B981B91D95220400E7DD05 /* full_breakfast.jpg */; };
		43B981CB1D95220400E7DD05 /* green_tea.jpg in Resources */ = {isa = PBXBuildFile; fileRef = 43B981BA1D95220400E7DD05 /* green_tea.jpg */; };
		43B981CC1D95220400E7DD05 /* ham_and_cheese_panini.jpg in Resources */ = {isa = PBXBuildFile; fileRef = 43B981BB1D95220400E7DD05 /* ham_and_cheese_panini.jpg */; };
		43B981CD1D95220400E7DD05 /* ham_and_egg_sandwich.jpg in Resources */ = {isa = PBXBuildFile; fileRef = 43B981BC1D95220400E7DD05 /* ham_and_egg_sandwich.jpg */; };
		43B981CE1D95220400E7DD05 /* hamburger.jpg in Resources */ = {isa = PBXBuildFile; fileRef = 43B981BD1D95220400E7DD05 /* hamburger.jpg */; };
		43B981CF1D95220400E7DD05 /* instant_noodle_with_egg.jpg in Resources */ = {isa = PBXBuildFile; fileRef = 43B981BE1D95220400E7DD05 /* instant_noodle_with_egg.jpg */; };
		43B981D01D95220400E7DD05 /* japanese_noodle_with_pork.jpg in Resources */ = {isa = PBXBuildFile; fileRef = 43B981BF1D95220400E7DD05 /* japanese_noodle_with_pork.jpg */; };
		43B981D11D95220400E7DD05 /* mushroom_risotto.jpg in Resources */ = {isa = PBXBuildFile; fileRef = 43B981C01D95220400E7DD05 /* mushroom_risotto.jpg */; };
		43B981D21D95220400E7DD05 /* noodle_with_bbq_pork.jpg in Resources */ = {isa = PBXBuildFile; fileRef = 43B981C11D95220400E7DD05 /* noodle_with_bbq_pork.jpg */; };
		43B981D31D95220400E7DD05 /* photo-frame.png in Resources */ = {isa = PBXBuildFile; fileRef = 43B981C21D95220400E7DD05 /* photo-frame.png */; };
		43B981D41D95220400E7DD05 /* starbucks_coffee.jpg in Resources */ = {isa = PBXBuildFile; fileRef = 43B981C31D95220400E7DD05 /* starbucks_coffee.jpg */; };
		43B981D51D95220400E7DD05 /* thai_shrimp_cake.jpg in Resources */ = {isa = PBXBuildFile; fileRef = 43B981C41D95220400E7DD05 /* thai_shrimp_cake.jpg */; };
		43B981D61D95220400E7DD05 /* vegetable_curry.jpg in Resources */ = {isa = PBXBuildFile; fileRef = 43B981C51D95220400E7DD05 /* vegetable_curry.jpg */; };
		43B981D71D95220400E7DD05 /* white_chocolate_donut.jpg in Resources */ = {isa = PBXBuildFile; fileRef = 43B981C61D95220400E7DD05 /* white_chocolate_donut.jpg */; };
		43B981DB1D95282900E7DD05 /* CollectionCell.xib in Resources */ = {isa = PBXBuildFile; fileRef = 43B981DA1D95282900E7DD05 /* CollectionCell.xib */; };
		43B981DE1D95291800E7DD05 /* FriendCollectionViewCell.m in Sources */ = {isa = PBXBuildFile; fileRef = 43B981DD1D95291800E7DD05 /* FriendCollectionViewCell.m */; };
		43B981E31D9534C100E7DD05 /* HeaderCollectionReusableView.m in Sources */ = {isa = PBXBuildFile; fileRef = 43B981E21D9534C100E7DD05 /* HeaderCollectionReusableView.m */; };
		43BD7BB31D86993B00DDA384 /* PeopleViewController.m in Sources */ = {isa = PBXBuildFile; fileRef = 43BD7BB21D86993B00DDA384 /* PeopleViewController.m */; };
		43BE4C361D82A26700D6B26A /* OUserProfileTableViewController.m in Sources */ = {isa = PBXBuildFile; fileRef = 43BE4C351D82A26700D6B26A /* OUserProfileTableViewController.m */; };
		43BE4C391D82DCDF00D6B26A /* ProfileTableViewController.m in Sources */ = {isa = PBXBuildFile; fileRef = 43BE4C381D82DCDF00D6B26A /* ProfileTableViewController.m */; };
		43BE4C3C1D82F91400D6B26A /* EditProfileTableViewController.m in Sources */ = {isa = PBXBuildFile; fileRef = 43BE4C3B1D82F91400D6B26A /* EditProfileTableViewController.m */; };
		43D17EDA1D8BD7C300451E90 /* AccommodationMapViewController.m in Sources */ = {isa = PBXBuildFile; fileRef = 43D17ED91D8BD7C300451E90 /* AccommodationMapViewController.m */; };
		43D17EDD1D8C1F1800451E90 /* SignInTableViewController.m in Sources */ = {isa = PBXBuildFile; fileRef = 43D17EDC1D8C1F1800451E90 /* SignInTableViewController.m */; };
		43D17EE01D8C3A1900451E90 /* ChangePasswordTableViewController.m in Sources */ = {isa = PBXBuildFile; fileRef = 43D17EDF1D8C3A1900451E90 /* ChangePasswordTableViewController.m */; };
		43EAA7AA1DAA6BE50029828B /* OtherProfile.xib in Resources */ = {isa = PBXBuildFile; fileRef = 43EAA7A91DAA6BE50029828B /* OtherProfile.xib */; };
		43EAA7AD1DAA6C790029828B /* OtherProfileTableViewCell.m in Sources */ = {isa = PBXBuildFile; fileRef = 43EAA7AC1DAA6C790029828B /* OtherProfileTableViewCell.m */; };
		43ECC9EE1DA250AB0059A333 /* CreateCollectionViewController.m in Sources */ = {isa = PBXBuildFile; fileRef = 43ECC9ED1DA250AB0059A333 /* CreateCollectionViewController.m */; };
		43ECC9F01DA25B480059A333 /* CreateCell.xib in Resources */ = {isa = PBXBuildFile; fileRef = 43ECC9EF1DA25B480059A333 /* CreateCell.xib */; };
		43ECC9F31DA25D930059A333 /* CreateCollectionViewCell.m in Sources */ = {isa = PBXBuildFile; fileRef = 43ECC9F21DA25D930059A333 /* CreateCollectionViewCell.m */; };
		43ECC9F61DA27FE80059A333 /* PeopleEventCollectionViewController.m in Sources */ = {isa = PBXBuildFile; fileRef = 43ECC9F51DA27FE80059A333 /* PeopleEventCollectionViewController.m */; };
		43ECC9F81DA284D40059A333 /* EventCollectionCell.xib in Resources */ = {isa = PBXBuildFile; fileRef = 43ECC9F71DA284D40059A333 /* EventCollectionCell.xib */; };
		43ECC9FE1DA287240059A333 /* EventCollectionViewCell.m in Sources */ = {isa = PBXBuildFile; fileRef = 43ECC9FD1DA287240059A333 /* EventCollectionViewCell.m */; };
		43F2954E1DA63EFE006321BD /* HallsOfResidenceMark.plist in Resources */ = {isa = PBXBuildFile; fileRef = 43F2954D1DA63EFE006321BD /* HallsOfResidenceMark.plist */; };
		43F295541DA698AF006321BD /* DirectionViewController.m in Sources */ = {isa = PBXBuildFile; fileRef = 43F295531DA698AF006321BD /* DirectionViewController.m */; };
		43FBC2F21D8AA49100AE4E1F /* TermsViewController.m in Sources */ = {isa = PBXBuildFile; fileRef = 43FBC2F11D8AA49100AE4E1F /* TermsViewController.m */; };
		43FBC2F51D8AAFBC00AE4E1F /* SetupProfileTableViewController.m in Sources */ = {isa = PBXBuildFile; fileRef = 43FBC2F41D8AAFBC00AE4E1F /* SetupProfileTableViewController.m */; };
		43FBC2F81D8AC6AD00AE4E1F /* PeopleNotAttendingTableViewCell.m in Sources */ = {isa = PBXBuildFile; fileRef = 43FBC2F71D8AC6AD00AE4E1F /* PeopleNotAttendingTableViewCell.m */; };
		43FBC2FA1D8AC6C200AE4E1F /* PeopleNotAttending.xib in Resources */ = {isa = PBXBuildFile; fileRef = 43FBC2F91D8AC6C200AE4E1F /* PeopleNotAttending.xib */; };
		A1151F341DAA5CA3008222ED /* Data.m in Sources */ = {isa = PBXBuildFile; fileRef = A1151F2F1DAA5CA3008222ED /* Data.m */; };
		A1151F351DAA5CA3008222ED /* WebService.m in Sources */ = {isa = PBXBuildFile; fileRef = A1151F311DAA5CA3008222ED /* WebService.m */; };
		A1151F361DAA5CA3008222ED /* Reachability.m in Sources */ = {isa = PBXBuildFile; fileRef = A1151F331DAA5CA3008222ED /* Reachability.m */; };
		A1151F451DAA5CC6008222ED /* AFHTTPSessionManager.m in Sources */ = {isa = PBXBuildFile; fileRef = A1151F391DAA5CC6008222ED /* AFHTTPSessionManager.m */; };
		A1151F461DAA5CC6008222ED /* AFNetworkReachabilityManager.m in Sources */ = {isa = PBXBuildFile; fileRef = A1151F3C1DAA5CC6008222ED /* AFNetworkReachabilityManager.m */; };
		A1151F471DAA5CC6008222ED /* AFSecurityPolicy.m in Sources */ = {isa = PBXBuildFile; fileRef = A1151F3E1DAA5CC6008222ED /* AFSecurityPolicy.m */; };
		A1151F481DAA5CC6008222ED /* AFURLRequestSerialization.m in Sources */ = {isa = PBXBuildFile; fileRef = A1151F401DAA5CC6008222ED /* AFURLRequestSerialization.m */; };
		A1151F491DAA5CC6008222ED /* AFURLResponseSerialization.m in Sources */ = {isa = PBXBuildFile; fileRef = A1151F421DAA5CC6008222ED /* AFURLResponseSerialization.m */; };
		A1151F4A1DAA5CC6008222ED /* AFURLSessionManager.m in Sources */ = {isa = PBXBuildFile; fileRef = A1151F441DAA5CC6008222ED /* AFURLSessionManager.m */; };
		A1151F511DAA5CF5008222ED /* University.m in Sources */ = {isa = PBXBuildFile; fileRef = A1151F4C1DAA5CF5008222ED /* University.m */; };
		A1151F521DAA5CF5008222ED /* User.m in Sources */ = {isa = PBXBuildFile; fileRef = A1151F4E1DAA5CF5008222ED /* User.m */; };
		A1151F531DAA5CF5008222ED /* Residence.m in Sources */ = {isa = PBXBuildFile; fileRef = A1151F501DAA5CF5008222ED /* Residence.m */; };
		A1151F5B1DAA5D13008222ED /* PersistanceManager.m in Sources */ = {isa = PBXBuildFile; fileRef = A1151F561DAA5D13008222ED /* PersistanceManager.m */; };
		A1151F5C1DAA5D13008222ED /* RRRegistration.m in Sources */ = {isa = PBXBuildFile; fileRef = A1151F581DAA5D13008222ED /* RRRegistration.m */; };
		A1151F5D1DAA5D13008222ED /* RRDateFormater.m in Sources */ = {isa = PBXBuildFile; fileRef = A1151F5A1DAA5D13008222ED /* RRDateFormater.m */; };
		A1151F601DAA8494008222ED /* Event.m in Sources */ = {isa = PBXBuildFile; fileRef = A1151F5F1DAA8494008222ED /* Event.m */; };
		A1935A411DC38EBE0025711E /* EventsWebService.m in Sources */ = {isa = PBXBuildFile; fileRef = A1935A401DC38EBE0025711E /* EventsWebService.m */; };
		A1935A441DC3E4B20025711E /* Comment.m in Sources */ = {isa = PBXBuildFile; fileRef = A1935A431DC3E4B20025711E /* Comment.m */; };
/* End PBXBuildFile section */

/* Begin PBXContainerItemProxy section */
		438A14961D8011C2005E6AF7 /* PBXContainerItemProxy */ = {
			isa = PBXContainerItemProxy;
			containerPortal = 438A14741D8011C2005E6AF7 /* Project object */;
			proxyType = 1;
			remoteGlobalIDString = 438A147B1D8011C2005E6AF7;
			remoteInfo = "Why Go Solo";
		};
/* End PBXContainerItemProxy section */

/* Begin PBXFileReference section */
		430503101D89868700CA73D1 /* UniversityViewController.h */ = {isa = PBXFileReference; fileEncoding = 4; lastKnownFileType = sourcecode.c.h; path = UniversityViewController.h; sourceTree = "<group>"; };
		430503111D89868700CA73D1 /* UniversityViewController.m */ = {isa = PBXFileReference; fileEncoding = 4; lastKnownFileType = sourcecode.c.objc; path = UniversityViewController.m; sourceTree = "<group>"; };
		430503131D89911600CA73D1 /* UniversityLocations.h */ = {isa = PBXFileReference; fileEncoding = 4; lastKnownFileType = sourcecode.c.h; path = UniversityLocations.h; sourceTree = "<group>"; };
		430503141D89911600CA73D1 /* UniversityLocations.m */ = {isa = PBXFileReference; fileEncoding = 4; lastKnownFileType = sourcecode.c.objc; path = UniversityLocations.m; sourceTree = "<group>"; };
		430503161D8998F600CA73D1 /* SetupLoginDetailsViewController.h */ = {isa = PBXFileReference; fileEncoding = 4; lastKnownFileType = sourcecode.c.h; path = SetupLoginDetailsViewController.h; sourceTree = "<group>"; };
		430503171D8998F600CA73D1 /* SetupLoginDetailsViewController.m */ = {isa = PBXFileReference; fileEncoding = 4; lastKnownFileType = sourcecode.c.objc; path = SetupLoginDetailsViewController.m; sourceTree = "<group>"; };
		4308DCA61D901462008CA934 /* ContainerForgotPasswordViewController.h */ = {isa = PBXFileReference; fileEncoding = 4; lastKnownFileType = sourcecode.c.h; path = ContainerForgotPasswordViewController.h; sourceTree = "<group>"; };
		4308DCA71D901462008CA934 /* ContainerForgotPasswordViewController.m */ = {isa = PBXFileReference; fileEncoding = 4; lastKnownFileType = sourcecode.c.objc; path = ContainerForgotPasswordViewController.m; sourceTree = "<group>"; };
		4308DCA91D9025A3008CA934 /* FilterViewController.h */ = {isa = PBXFileReference; fileEncoding = 4; lastKnownFileType = sourcecode.c.h; path = FilterViewController.h; sourceTree = "<group>"; };
		4308DCAA1D9025A3008CA934 /* FilterViewController.m */ = {isa = PBXFileReference; fileEncoding = 4; lastKnownFileType = sourcecode.c.objc; path = FilterViewController.m; sourceTree = "<group>"; };
		430919301D8154F400EE9220 /* CurrentUserLocation.h */ = {isa = PBXFileReference; fileEncoding = 4; lastKnownFileType = sourcecode.c.h; path = CurrentUserLocation.h; sourceTree = "<group>"; };
		430919311D8154F400EE9220 /* CurrentUserLocation.m */ = {isa = PBXFileReference; fileEncoding = 4; lastKnownFileType = sourcecode.c.objc; path = CurrentUserLocation.m; sourceTree = "<group>"; };
		430919341D8154F400EE9220 /* SearchBarTableViewController.h */ = {isa = PBXFileReference; fileEncoding = 4; lastKnownFileType = sourcecode.c.h; path = SearchBarTableViewController.h; sourceTree = "<group>"; };
		430919351D8154F400EE9220 /* SearchBarTableViewController.m */ = {isa = PBXFileReference; fileEncoding = 4; lastKnownFileType = sourcecode.c.objc; path = SearchBarTableViewController.m; sourceTree = "<group>"; };
		430919361D8154F400EE9220 /* MapViewController.h */ = {isa = PBXFileReference; fileEncoding = 4; lastKnownFileType = sourcecode.c.h; path = MapViewController.h; sourceTree = "<group>"; };
		430919371D8154F400EE9220 /* MapViewController.m */ = {isa = PBXFileReference; fileEncoding = 4; lastKnownFileType = sourcecode.c.objc; path = MapViewController.m; sourceTree = "<group>"; };
		4309193D1D81552200EE9220 /* PinLocationData.h */ = {isa = PBXFileReference; fileEncoding = 4; lastKnownFileType = sourcecode.c.h; path = PinLocationData.h; sourceTree = "<group>"; };
		4309193E1D81552200EE9220 /* PinLocationData.m */ = {isa = PBXFileReference; fileEncoding = 4; lastKnownFileType = sourcecode.c.objc; path = PinLocationData.m; sourceTree = "<group>"; };
		430919411D8158A000EE9220 /* car.png */ = {isa = PBXFileReference; lastKnownFileType = image.png; path = car.png; sourceTree = "<group>"; };
		430C14B61D929D5900F76C35 /* CreateEventViewController.h */ = {isa = PBXFileReference; fileEncoding = 4; lastKnownFileType = sourcecode.c.h; name = CreateEventViewController.h; path = "Why Go Solo/CreateEventViewController.h"; sourceTree = "<group>"; };
		430C14B71D929D5900F76C35 /* CreateEventViewController.m */ = {isa = PBXFileReference; fileEncoding = 4; lastKnownFileType = sourcecode.c.objc; name = CreateEventViewController.m; path = "Why Go Solo/CreateEventViewController.m"; sourceTree = "<group>"; };
		4311A5C31DAD36B200052EE1 /* ISEmojiList.plist */ = {isa = PBXFileReference; fileEncoding = 4; lastKnownFileType = text.plist.xml; path = ISEmojiList.plist; sourceTree = "<group>"; };
		4319E7831D89582800FD5142 /* CommentTableViewController.h */ = {isa = PBXFileReference; fileEncoding = 4; lastKnownFileType = sourcecode.c.h; name = CommentTableViewController.h; path = ../CommentTableViewController.h; sourceTree = "<group>"; };
		4319E7841D89582800FD5142 /* CommentTableViewController.m */ = {isa = PBXFileReference; fileEncoding = 4; lastKnownFileType = sourcecode.c.objc; name = CommentTableViewController.m; path = ../CommentTableViewController.m; sourceTree = "<group>"; };
		431C45B71D895C6B00A05C11 /* MainViewController.h */ = {isa = PBXFileReference; fileEncoding = 4; lastKnownFileType = sourcecode.c.h; path = MainViewController.h; sourceTree = "<group>"; };
		431C45B81D895C6B00A05C11 /* MainViewController.m */ = {isa = PBXFileReference; fileEncoding = 4; lastKnownFileType = sourcecode.c.objc; path = MainViewController.m; sourceTree = "<group>"; };
		4335A4DF1D9E5E0600DCCC3E /* EditCollectionViewController.h */ = {isa = PBXFileReference; fileEncoding = 4; lastKnownFileType = sourcecode.c.h; name = EditCollectionViewController.h; path = ../EditCollectionViewController.h; sourceTree = "<group>"; };
		4335A4E01D9E5E0600DCCC3E /* EditCollectionViewController.m */ = {isa = PBXFileReference; fileEncoding = 4; lastKnownFileType = sourcecode.c.objc; name = EditCollectionViewController.m; path = ../EditCollectionViewController.m; sourceTree = "<group>"; };
		4339813F1D91310B00A995B3 /* HallsOfResidence.h */ = {isa = PBXFileReference; fileEncoding = 4; lastKnownFileType = sourcecode.c.h; path = HallsOfResidence.h; sourceTree = "<group>"; };
		433981401D91310B00A995B3 /* HallsOfResidence.m */ = {isa = PBXFileReference; fileEncoding = 4; lastKnownFileType = sourcecode.c.objc; path = HallsOfResidence.m; sourceTree = "<group>"; };
		433B85281DA79B4F0092E5F1 /* CommentCell.xib */ = {isa = PBXFileReference; fileEncoding = 4; lastKnownFileType = file.xib; path = CommentCell.xib; sourceTree = "<group>"; };
		433B852A1DA7A1B40092E5F1 /* CommentsTableViewCell.h */ = {isa = PBXFileReference; fileEncoding = 4; lastKnownFileType = sourcecode.c.h; path = CommentsTableViewCell.h; sourceTree = "<group>"; };
		433B852B1DA7A1B40092E5F1 /* CommentsTableViewCell.m */ = {isa = PBXFileReference; fileEncoding = 4; lastKnownFileType = sourcecode.c.objc; path = CommentsTableViewCell.m; sourceTree = "<group>"; };
		433B852D1DA7C8FF0092E5F1 /* AddCommentViewController.h */ = {isa = PBXFileReference; fileEncoding = 4; lastKnownFileType = sourcecode.c.h; path = AddCommentViewController.h; sourceTree = "<group>"; };
		433B852E1DA7C8FF0092E5F1 /* AddCommentViewController.m */ = {isa = PBXFileReference; fileEncoding = 4; lastKnownFileType = sourcecode.c.objc; path = AddCommentViewController.m; sourceTree = "<group>"; };
		434288971D9D11BE00D4E911 /* EditViewController.h */ = {isa = PBXFileReference; fileEncoding = 4; lastKnownFileType = sourcecode.c.h; path = EditViewController.h; sourceTree = "<group>"; };
		434288981D9D11BE00D4E911 /* EditViewController.m */ = {isa = PBXFileReference; fileEncoding = 4; lastKnownFileType = sourcecode.c.objc; path = EditViewController.m; sourceTree = "<group>"; };
		4350B3801D93C558001A5AE8 /* ISEmojiView.h */ = {isa = PBXFileReference; fileEncoding = 4; lastKnownFileType = sourcecode.c.h; path = ISEmojiView.h; sourceTree = "<group>"; };
		4350B3811D93C558001A5AE8 /* ISEmojiView.m */ = {isa = PBXFileReference; fileEncoding = 4; lastKnownFileType = sourcecode.c.objc; path = ISEmojiView.m; sourceTree = "<group>"; };
		436655AD1D9E6A910041F491 /* EditCell.xib */ = {isa = PBXFileReference; fileEncoding = 4; lastKnownFileType = file.xib; path = EditCell.xib; sourceTree = "<group>"; };
		436655AF1D9E6DD70041F491 /* EditCellCollectionViewCell.h */ = {isa = PBXFileReference; fileEncoding = 4; lastKnownFileType = sourcecode.c.h; path = EditCellCollectionViewCell.h; sourceTree = "<group>"; };
		436655B01D9E6DD70041F491 /* EditCellCollectionViewCell.m */ = {isa = PBXFileReference; fileEncoding = 4; lastKnownFileType = sourcecode.c.objc; path = EditCellCollectionViewCell.m; sourceTree = "<group>"; };
		436E84AF1D815FA700B23402 /* flag.png */ = {isa = PBXFileReference; lastKnownFileType = image.png; path = flag.png; sourceTree = "<group>"; };
		4380C59B1D8FD70000FA08C5 /* FontSetup.h */ = {isa = PBXFileReference; fileEncoding = 4; lastKnownFileType = sourcecode.c.h; path = FontSetup.h; sourceTree = "<group>"; };
		4380C59C1D8FD70000FA08C5 /* FontSetup.m */ = {isa = PBXFileReference; fileEncoding = 4; lastKnownFileType = sourcecode.c.objc; path = FontSetup.m; sourceTree = "<group>"; };
		4380C59E1D8FE34E00FA08C5 /* ForgotPasswordTableViewController.h */ = {isa = PBXFileReference; fileEncoding = 4; lastKnownFileType = sourcecode.c.h; path = ForgotPasswordTableViewController.h; sourceTree = "<group>"; };
		4380C59F1D8FE34E00FA08C5 /* ForgotPasswordTableViewController.m */ = {isa = PBXFileReference; fileEncoding = 4; lastKnownFileType = sourcecode.c.objc; path = ForgotPasswordTableViewController.m; sourceTree = "<group>"; };
		4381882F1D86EFCB009591F4 /* ContainerViewController.h */ = {isa = PBXFileReference; fileEncoding = 4; lastKnownFileType = sourcecode.c.h; path = ContainerViewController.h; sourceTree = "<group>"; };
		438188301D86EFCB009591F4 /* ContainerViewController.m */ = {isa = PBXFileReference; fileEncoding = 4; lastKnownFileType = sourcecode.c.objc; path = ContainerViewController.m; sourceTree = "<group>"; };
		4383E1091D93ECD50021CA30 /* FriendHeaderTableViewCell.h */ = {isa = PBXFileReference; fileEncoding = 4; lastKnownFileType = sourcecode.c.h; path = FriendHeaderTableViewCell.h; sourceTree = "<group>"; };
		4383E10A1D93ECD50021CA30 /* FriendHeaderTableViewCell.m */ = {isa = PBXFileReference; fileEncoding = 4; lastKnownFileType = sourcecode.c.objc; path = FriendHeaderTableViewCell.m; sourceTree = "<group>"; };
		4383E10C1D93ECF90021CA30 /* FriendHeader.xib */ = {isa = PBXFileReference; fileEncoding = 4; lastKnownFileType = file.xib; path = FriendHeader.xib; sourceTree = "<group>"; };
		438A147C1D8011C2005E6AF7 /* Why Go Solo.app */ = {isa = PBXFileReference; explicitFileType = wrapper.application; includeInIndex = 0; path = "Why Go Solo.app"; sourceTree = BUILT_PRODUCTS_DIR; };
		438A14801D8011C2005E6AF7 /* main.m */ = {isa = PBXFileReference; lastKnownFileType = sourcecode.c.objc; path = main.m; sourceTree = "<group>"; };
		438A14821D8011C2005E6AF7 /* AppDelegate.h */ = {isa = PBXFileReference; lastKnownFileType = sourcecode.c.h; path = AppDelegate.h; sourceTree = "<group>"; };
		438A14831D8011C2005E6AF7 /* AppDelegate.m */ = {isa = PBXFileReference; lastKnownFileType = sourcecode.c.objc; path = AppDelegate.m; sourceTree = "<group>"; };
		438A14891D8011C2005E6AF7 /* Base */ = {isa = PBXFileReference; lastKnownFileType = file.storyboard; name = Base; path = Base.lproj/Main.storyboard; sourceTree = "<group>"; };
		438A148B1D8011C2005E6AF7 /* Assets.xcassets */ = {isa = PBXFileReference; lastKnownFileType = folder.assetcatalog; path = Assets.xcassets; sourceTree = "<group>"; };
		438A148E1D8011C2005E6AF7 /* Base */ = {isa = PBXFileReference; lastKnownFileType = file.storyboard; name = Base; path = Base.lproj/LaunchScreen.storyboard; sourceTree = "<group>"; };
		438A14901D8011C2005E6AF7 /* Info.plist */ = {isa = PBXFileReference; lastKnownFileType = text.plist.xml; path = Info.plist; sourceTree = "<group>"; };
		438A14951D8011C2005E6AF7 /* Why Go SoloTests.xctest */ = {isa = PBXFileReference; explicitFileType = wrapper.cfbundle; includeInIndex = 0; path = "Why Go SoloTests.xctest"; sourceTree = BUILT_PRODUCTS_DIR; };
		438A14991D8011C2005E6AF7 /* Why_Go_SoloTests.m */ = {isa = PBXFileReference; lastKnownFileType = sourcecode.c.objc; path = Why_Go_SoloTests.m; sourceTree = "<group>"; };
		438A149B1D8011C2005E6AF7 /* Info.plist */ = {isa = PBXFileReference; lastKnownFileType = text.plist.xml; path = Info.plist; sourceTree = "<group>"; };
		438A14A81D801E0F005E6AF7 /* Lato-Black.ttf */ = {isa = PBXFileReference; lastKnownFileType = file; path = "Lato-Black.ttf"; sourceTree = "<group>"; };
		438A14A91D801E0F005E6AF7 /* Lato-BlackItalic.ttf */ = {isa = PBXFileReference; lastKnownFileType = file; path = "Lato-BlackItalic.ttf"; sourceTree = "<group>"; };
		438A14AA1D801E0F005E6AF7 /* Lato-Bold.ttf */ = {isa = PBXFileReference; lastKnownFileType = file; path = "Lato-Bold.ttf"; sourceTree = "<group>"; };
		438A14AB1D801E0F005E6AF7 /* Lato-BoldItalic.ttf */ = {isa = PBXFileReference; lastKnownFileType = file; path = "Lato-BoldItalic.ttf"; sourceTree = "<group>"; };
		438A14AC1D801E0F005E6AF7 /* Lato-Hairline.ttf */ = {isa = PBXFileReference; lastKnownFileType = file; path = "Lato-Hairline.ttf"; sourceTree = "<group>"; };
		438A14AD1D801E0F005E6AF7 /* Lato-HairlineItalic.ttf */ = {isa = PBXFileReference; lastKnownFileType = file; path = "Lato-HairlineItalic.ttf"; sourceTree = "<group>"; };
		438A14AE1D801E0F005E6AF7 /* Lato-Italic.ttf */ = {isa = PBXFileReference; lastKnownFileType = file; path = "Lato-Italic.ttf"; sourceTree = "<group>"; };
		438A14AF1D801E0F005E6AF7 /* Lato-Light.ttf */ = {isa = PBXFileReference; lastKnownFileType = file; path = "Lato-Light.ttf"; sourceTree = "<group>"; };
		438A14B01D801E0F005E6AF7 /* Lato-LightItalic.ttf */ = {isa = PBXFileReference; lastKnownFileType = file; path = "Lato-LightItalic.ttf"; sourceTree = "<group>"; };
		438A14B11D801E0F005E6AF7 /* Lato-Regular.ttf */ = {isa = PBXFileReference; lastKnownFileType = file; path = "Lato-Regular.ttf"; sourceTree = "<group>"; };
		438A14B21D801E0F005E6AF7 /* OFL.txt */ = {isa = PBXFileReference; fileEncoding = 4; lastKnownFileType = text; path = OFL.txt; sourceTree = "<group>"; };
		43A325F11DA4EE2F0017FE27 /* OverlayView.xib */ = {isa = PBXFileReference; fileEncoding = 4; lastKnownFileType = file.xib; path = OverlayView.xib; sourceTree = "<group>"; };
		43A325F31DA4EE620017FE27 /* OverlayView.h */ = {isa = PBXFileReference; fileEncoding = 4; lastKnownFileType = sourcecode.c.h; name = OverlayView.h; path = ../OverlayView.h; sourceTree = "<group>"; };
		43A325F41DA4EE620017FE27 /* OverlayView.m */ = {isa = PBXFileReference; fileEncoding = 4; lastKnownFileType = sourcecode.c.objc; name = OverlayView.m; path = ../OverlayView.m; sourceTree = "<group>"; };
		43A893561D8057AE00BEA24B /* Events.xib */ = {isa = PBXFileReference; fileEncoding = 4; lastKnownFileType = file.xib; path = Events.xib; sourceTree = "<group>"; };
		43A893571D8057AE00BEA24B /* FooterEventsTableViewCell.h */ = {isa = PBXFileReference; fileEncoding = 4; lastKnownFileType = sourcecode.c.h; path = FooterEventsTableViewCell.h; sourceTree = "<group>"; };
		43A893581D8057AE00BEA24B /* FooterEventsTableViewCell.m */ = {isa = PBXFileReference; fileEncoding = 4; lastKnownFileType = sourcecode.c.objc; path = FooterEventsTableViewCell.m; sourceTree = "<group>"; };
		43A893591D8057AE00BEA24B /* HeaderEventsTableViewCell.h */ = {isa = PBXFileReference; fileEncoding = 4; lastKnownFileType = sourcecode.c.h; path = HeaderEventsTableViewCell.h; sourceTree = "<group>"; };
		43A8935A1D8057AE00BEA24B /* HeaderEventsTableViewCell.m */ = {isa = PBXFileReference; fileEncoding = 4; lastKnownFileType = sourcecode.c.objc; path = HeaderEventsTableViewCell.m; sourceTree = "<group>"; };
		43A8935B1D8057AE00BEA24B /* EventsTableViewCell.h */ = {isa = PBXFileReference; fileEncoding = 4; lastKnownFileType = sourcecode.c.h; path = EventsTableViewCell.h; sourceTree = "<group>"; };
		43A8935C1D8057AE00BEA24B /* EventsTableViewCell.m */ = {isa = PBXFileReference; fileEncoding = 4; lastKnownFileType = sourcecode.c.objc; path = EventsTableViewCell.m; sourceTree = "<group>"; };
		43A8935D1D8057AE00BEA24B /* FooterEvents.xib */ = {isa = PBXFileReference; fileEncoding = 4; lastKnownFileType = file.xib; path = FooterEvents.xib; sourceTree = "<group>"; };
		43A8935E1D8057AE00BEA24B /* HeaderEvents.xib */ = {isa = PBXFileReference; fileEncoding = 4; lastKnownFileType = file.xib; path = HeaderEvents.xib; sourceTree = "<group>"; };
		43A893661D8057FA00BEA24B /* EventTableViewController.h */ = {isa = PBXFileReference; fileEncoding = 4; lastKnownFileType = sourcecode.c.h; path = EventTableViewController.h; sourceTree = "<group>"; };
		43A893671D8057FA00BEA24B /* EventTableViewController.m */ = {isa = PBXFileReference; fileEncoding = 4; lastKnownFileType = sourcecode.c.objc; path = EventTableViewController.m; sourceTree = "<group>"; };
		43A893691D805D8700BEA24B /* profile.png */ = {isa = PBXFileReference; lastKnownFileType = image.png; name = profile.png; path = "Why Go Solo/profile.png"; sourceTree = "<group>"; };
		43ACED591D87EDAC008D949C /* DeleteConfirmationViewController.h */ = {isa = PBXFileReference; fileEncoding = 4; lastKnownFileType = sourcecode.c.h; path = DeleteConfirmationViewController.h; sourceTree = "<group>"; };
		43ACED5A1D87EDAC008D949C /* DeleteConfirmationViewController.m */ = {isa = PBXFileReference; fileEncoding = 4; lastKnownFileType = sourcecode.c.objc; path = DeleteConfirmationViewController.m; sourceTree = "<group>"; };
		43B4009B1D86BDE70094DFB6 /* PeopleEvent.xib */ = {isa = PBXFileReference; fileEncoding = 4; lastKnownFileType = file.xib; path = PeopleEvent.xib; sourceTree = "<group>"; };
		43B4009D1D86C0F20094DFB6 /* PeopleEventTableViewCell.h */ = {isa = PBXFileReference; fileEncoding = 4; lastKnownFileType = sourcecode.c.h; path = PeopleEventTableViewCell.h; sourceTree = "<group>"; };
		43B4009E1D86C0F20094DFB6 /* PeopleEventTableViewCell.m */ = {isa = PBXFileReference; fileEncoding = 4; lastKnownFileType = sourcecode.c.objc; path = PeopleEventTableViewCell.m; sourceTree = "<group>"; };
		43B981B61D95220400E7DD05 /* angry_birds_cake.jpg */ = {isa = PBXFileReference; lastKnownFileType = image.jpeg; path = angry_birds_cake.jpg; sourceTree = "<group>"; };
		43B981B71D95220400E7DD05 /* creme_brelee.jpg */ = {isa = PBXFileReference; lastKnownFileType = image.jpeg; path = creme_brelee.jpg; sourceTree = "<group>"; };
		43B981B81D95220400E7DD05 /* egg_benedict.jpg */ = {isa = PBXFileReference; lastKnownFileType = image.jpeg; path = egg_benedict.jpg; sourceTree = "<group>"; };
		43B981B91D95220400E7DD05 /* full_breakfast.jpg */ = {isa = PBXFileReference; lastKnownFileType = image.jpeg; path = full_breakfast.jpg; sourceTree = "<group>"; };
		43B981BA1D95220400E7DD05 /* green_tea.jpg */ = {isa = PBXFileReference; lastKnownFileType = image.jpeg; path = green_tea.jpg; sourceTree = "<group>"; };
		43B981BB1D95220400E7DD05 /* ham_and_cheese_panini.jpg */ = {isa = PBXFileReference; lastKnownFileType = image.jpeg; path = ham_and_cheese_panini.jpg; sourceTree = "<group>"; };
		43B981BC1D95220400E7DD05 /* ham_and_egg_sandwich.jpg */ = {isa = PBXFileReference; lastKnownFileType = image.jpeg; path = ham_and_egg_sandwich.jpg; sourceTree = "<group>"; };
		43B981BD1D95220400E7DD05 /* hamburger.jpg */ = {isa = PBXFileReference; lastKnownFileType = image.jpeg; path = hamburger.jpg; sourceTree = "<group>"; };
		43B981BE1D95220400E7DD05 /* instant_noodle_with_egg.jpg */ = {isa = PBXFileReference; lastKnownFileType = image.jpeg; path = instant_noodle_with_egg.jpg; sourceTree = "<group>"; };
		43B981BF1D95220400E7DD05 /* japanese_noodle_with_pork.jpg */ = {isa = PBXFileReference; lastKnownFileType = image.jpeg; path = japanese_noodle_with_pork.jpg; sourceTree = "<group>"; };
		43B981C01D95220400E7DD05 /* mushroom_risotto.jpg */ = {isa = PBXFileReference; lastKnownFileType = image.jpeg; path = mushroom_risotto.jpg; sourceTree = "<group>"; };
		43B981C11D95220400E7DD05 /* noodle_with_bbq_pork.jpg */ = {isa = PBXFileReference; lastKnownFileType = image.jpeg; path = noodle_with_bbq_pork.jpg; sourceTree = "<group>"; };
		43B981C21D95220400E7DD05 /* photo-frame.png */ = {isa = PBXFileReference; lastKnownFileType = image.png; path = "photo-frame.png"; sourceTree = "<group>"; };
		43B981C31D95220400E7DD05 /* starbucks_coffee.jpg */ = {isa = PBXFileReference; lastKnownFileType = image.jpeg; path = starbucks_coffee.jpg; sourceTree = "<group>"; };
		43B981C41D95220400E7DD05 /* thai_shrimp_cake.jpg */ = {isa = PBXFileReference; lastKnownFileType = image.jpeg; path = thai_shrimp_cake.jpg; sourceTree = "<group>"; };
		43B981C51D95220400E7DD05 /* vegetable_curry.jpg */ = {isa = PBXFileReference; lastKnownFileType = image.jpeg; path = vegetable_curry.jpg; sourceTree = "<group>"; };
		43B981C61D95220400E7DD05 /* white_chocolate_donut.jpg */ = {isa = PBXFileReference; lastKnownFileType = image.jpeg; path = white_chocolate_donut.jpg; sourceTree = "<group>"; };
		43B981DA1D95282900E7DD05 /* CollectionCell.xib */ = {isa = PBXFileReference; fileEncoding = 4; lastKnownFileType = file.xib; name = CollectionCell.xib; path = "Why Go Solo/CollectionCell.xib"; sourceTree = "<group>"; };
		43B981DC1D95291800E7DD05 /* FriendCollectionViewCell.h */ = {isa = PBXFileReference; fileEncoding = 4; lastKnownFileType = sourcecode.c.h; name = FriendCollectionViewCell.h; path = "Why Go Solo/FriendCollectionViewCell.h"; sourceTree = "<group>"; };
		43B981DD1D95291800E7DD05 /* FriendCollectionViewCell.m */ = {isa = PBXFileReference; fileEncoding = 4; lastKnownFileType = sourcecode.c.objc; name = FriendCollectionViewCell.m; path = "Why Go Solo/FriendCollectionViewCell.m"; sourceTree = "<group>"; };
		43B981E11D9534C100E7DD05 /* HeaderCollectionReusableView.h */ = {isa = PBXFileReference; fileEncoding = 4; lastKnownFileType = sourcecode.c.h; path = HeaderCollectionReusableView.h; sourceTree = "<group>"; };
		43B981E21D9534C100E7DD05 /* HeaderCollectionReusableView.m */ = {isa = PBXFileReference; fileEncoding = 4; lastKnownFileType = sourcecode.c.objc; path = HeaderCollectionReusableView.m; sourceTree = "<group>"; };
		43BD7BB11D86993B00DDA384 /* PeopleViewController.h */ = {isa = PBXFileReference; fileEncoding = 4; lastKnownFileType = sourcecode.c.h; name = PeopleViewController.h; path = ../PeopleViewController.h; sourceTree = "<group>"; };
		43BD7BB21D86993B00DDA384 /* PeopleViewController.m */ = {isa = PBXFileReference; fileEncoding = 4; lastKnownFileType = sourcecode.c.objc; name = PeopleViewController.m; path = ../PeopleViewController.m; sourceTree = "<group>"; };
		43BE4C341D82A26700D6B26A /* OUserProfileTableViewController.h */ = {isa = PBXFileReference; fileEncoding = 4; lastKnownFileType = sourcecode.c.h; path = OUserProfileTableViewController.h; sourceTree = "<group>"; };
		43BE4C351D82A26700D6B26A /* OUserProfileTableViewController.m */ = {isa = PBXFileReference; fileEncoding = 4; lastKnownFileType = sourcecode.c.objc; path = OUserProfileTableViewController.m; sourceTree = "<group>"; };
		43BE4C371D82DCDF00D6B26A /* ProfileTableViewController.h */ = {isa = PBXFileReference; fileEncoding = 4; lastKnownFileType = sourcecode.c.h; path = ProfileTableViewController.h; sourceTree = "<group>"; };
		43BE4C381D82DCDF00D6B26A /* ProfileTableViewController.m */ = {isa = PBXFileReference; fileEncoding = 4; lastKnownFileType = sourcecode.c.objc; path = ProfileTableViewController.m; sourceTree = "<group>"; };
		43BE4C3A1D82F91400D6B26A /* EditProfileTableViewController.h */ = {isa = PBXFileReference; fileEncoding = 4; lastKnownFileType = sourcecode.c.h; path = EditProfileTableViewController.h; sourceTree = "<group>"; };
		43BE4C3B1D82F91400D6B26A /* EditProfileTableViewController.m */ = {isa = PBXFileReference; fileEncoding = 4; lastKnownFileType = sourcecode.c.objc; path = EditProfileTableViewController.m; sourceTree = "<group>"; };
		43D17ED81D8BD7C300451E90 /* AccommodationMapViewController.h */ = {isa = PBXFileReference; fileEncoding = 4; lastKnownFileType = sourcecode.c.h; path = AccommodationMapViewController.h; sourceTree = "<group>"; };
		43D17ED91D8BD7C300451E90 /* AccommodationMapViewController.m */ = {isa = PBXFileReference; fileEncoding = 4; lastKnownFileType = sourcecode.c.objc; path = AccommodationMapViewController.m; sourceTree = "<group>"; };
		43D17EDB1D8C1F1800451E90 /* SignInTableViewController.h */ = {isa = PBXFileReference; fileEncoding = 4; lastKnownFileType = sourcecode.c.h; path = SignInTableViewController.h; sourceTree = "<group>"; };
		43D17EDC1D8C1F1800451E90 /* SignInTableViewController.m */ = {isa = PBXFileReference; fileEncoding = 4; lastKnownFileType = sourcecode.c.objc; path = SignInTableViewController.m; sourceTree = "<group>"; };
		43D17EDE1D8C3A1900451E90 /* ChangePasswordTableViewController.h */ = {isa = PBXFileReference; fileEncoding = 4; lastKnownFileType = sourcecode.c.h; path = ChangePasswordTableViewController.h; sourceTree = "<group>"; };
		43D17EDF1D8C3A1900451E90 /* ChangePasswordTableViewController.m */ = {isa = PBXFileReference; fileEncoding = 4; lastKnownFileType = sourcecode.c.objc; path = ChangePasswordTableViewController.m; sourceTree = "<group>"; };
		43EAA7A91DAA6BE50029828B /* OtherProfile.xib */ = {isa = PBXFileReference; fileEncoding = 4; lastKnownFileType = file.xib; path = OtherProfile.xib; sourceTree = "<group>"; };
		43EAA7AB1DAA6C790029828B /* OtherProfileTableViewCell.h */ = {isa = PBXFileReference; fileEncoding = 4; lastKnownFileType = sourcecode.c.h; path = OtherProfileTableViewCell.h; sourceTree = "<group>"; };
		43EAA7AC1DAA6C790029828B /* OtherProfileTableViewCell.m */ = {isa = PBXFileReference; fileEncoding = 4; lastKnownFileType = sourcecode.c.objc; path = OtherProfileTableViewCell.m; sourceTree = "<group>"; };
		43ECC9EC1DA250AB0059A333 /* CreateCollectionViewController.h */ = {isa = PBXFileReference; fileEncoding = 4; lastKnownFileType = sourcecode.c.h; name = CreateCollectionViewController.h; path = ../CreateCollectionViewController.h; sourceTree = "<group>"; };
		43ECC9ED1DA250AB0059A333 /* CreateCollectionViewController.m */ = {isa = PBXFileReference; fileEncoding = 4; lastKnownFileType = sourcecode.c.objc; name = CreateCollectionViewController.m; path = ../CreateCollectionViewController.m; sourceTree = "<group>"; };
		43ECC9EF1DA25B480059A333 /* CreateCell.xib */ = {isa = PBXFileReference; fileEncoding = 4; lastKnownFileType = file.xib; path = CreateCell.xib; sourceTree = "<group>"; };
		43ECC9F11DA25D930059A333 /* CreateCollectionViewCell.h */ = {isa = PBXFileReference; fileEncoding = 4; lastKnownFileType = sourcecode.c.h; path = CreateCollectionViewCell.h; sourceTree = "<group>"; };
		43ECC9F21DA25D930059A333 /* CreateCollectionViewCell.m */ = {isa = PBXFileReference; fileEncoding = 4; lastKnownFileType = sourcecode.c.objc; path = CreateCollectionViewCell.m; sourceTree = "<group>"; };
		43ECC9F41DA27FE80059A333 /* PeopleEventCollectionViewController.h */ = {isa = PBXFileReference; fileEncoding = 4; lastKnownFileType = sourcecode.c.h; path = PeopleEventCollectionViewController.h; sourceTree = "<group>"; };
		43ECC9F51DA27FE80059A333 /* PeopleEventCollectionViewController.m */ = {isa = PBXFileReference; fileEncoding = 4; lastKnownFileType = sourcecode.c.objc; path = PeopleEventCollectionViewController.m; sourceTree = "<group>"; };
		43ECC9F71DA284D40059A333 /* EventCollectionCell.xib */ = {isa = PBXFileReference; fileEncoding = 4; lastKnownFileType = file.xib; path = EventCollectionCell.xib; sourceTree = "<group>"; };
		43ECC9FC1DA287240059A333 /* EventCollectionViewCell.h */ = {isa = PBXFileReference; fileEncoding = 4; lastKnownFileType = sourcecode.c.h; path = EventCollectionViewCell.h; sourceTree = "<group>"; };
		43ECC9FD1DA287240059A333 /* EventCollectionViewCell.m */ = {isa = PBXFileReference; fileEncoding = 4; lastKnownFileType = sourcecode.c.objc; path = EventCollectionViewCell.m; sourceTree = "<group>"; };
		43F2954D1DA63EFE006321BD /* HallsOfResidenceMark.plist */ = {isa = PBXFileReference; fileEncoding = 4; lastKnownFileType = text.plist.xml; path = HallsOfResidenceMark.plist; sourceTree = "<group>"; };
		43F295521DA698AF006321BD /* DirectionViewController.h */ = {isa = PBXFileReference; fileEncoding = 4; lastKnownFileType = sourcecode.c.h; name = DirectionViewController.h; path = ../DirectionViewController.h; sourceTree = "<group>"; };
		43F295531DA698AF006321BD /* DirectionViewController.m */ = {isa = PBXFileReference; fileEncoding = 4; lastKnownFileType = sourcecode.c.objc; name = DirectionViewController.m; path = ../DirectionViewController.m; sourceTree = "<group>"; };
		43FBC2F01D8AA49100AE4E1F /* TermsViewController.h */ = {isa = PBXFileReference; fileEncoding = 4; lastKnownFileType = sourcecode.c.h; path = TermsViewController.h; sourceTree = "<group>"; };
		43FBC2F11D8AA49100AE4E1F /* TermsViewController.m */ = {isa = PBXFileReference; fileEncoding = 4; lastKnownFileType = sourcecode.c.objc; path = TermsViewController.m; sourceTree = "<group>"; };
		43FBC2F31D8AAFBC00AE4E1F /* SetupProfileTableViewController.h */ = {isa = PBXFileReference; fileEncoding = 4; lastKnownFileType = sourcecode.c.h; path = SetupProfileTableViewController.h; sourceTree = "<group>"; };
		43FBC2F41D8AAFBC00AE4E1F /* SetupProfileTableViewController.m */ = {isa = PBXFileReference; fileEncoding = 4; lastKnownFileType = sourcecode.c.objc; path = SetupProfileTableViewController.m; sourceTree = "<group>"; };
		43FBC2F61D8AC6AD00AE4E1F /* PeopleNotAttendingTableViewCell.h */ = {isa = PBXFileReference; fileEncoding = 4; lastKnownFileType = sourcecode.c.h; path = PeopleNotAttendingTableViewCell.h; sourceTree = "<group>"; };
		43FBC2F71D8AC6AD00AE4E1F /* PeopleNotAttendingTableViewCell.m */ = {isa = PBXFileReference; fileEncoding = 4; lastKnownFileType = sourcecode.c.objc; path = PeopleNotAttendingTableViewCell.m; sourceTree = "<group>"; };
		43FBC2F91D8AC6C200AE4E1F /* PeopleNotAttending.xib */ = {isa = PBXFileReference; fileEncoding = 4; lastKnownFileType = file.xib; path = PeopleNotAttending.xib; sourceTree = "<group>"; };
		A1151F2E1DAA5CA3008222ED /* Data.h */ = {isa = PBXFileReference; fileEncoding = 4; lastKnownFileType = sourcecode.c.h; path = Data.h; sourceTree = "<group>"; };
		A1151F2F1DAA5CA3008222ED /* Data.m */ = {isa = PBXFileReference; fileEncoding = 4; lastKnownFileType = sourcecode.c.objc; path = Data.m; sourceTree = "<group>"; };
		A1151F301DAA5CA3008222ED /* WebService.h */ = {isa = PBXFileReference; fileEncoding = 4; lastKnownFileType = sourcecode.c.h; path = WebService.h; sourceTree = "<group>"; };
		A1151F311DAA5CA3008222ED /* WebService.m */ = {isa = PBXFileReference; fileEncoding = 4; lastKnownFileType = sourcecode.c.objc; path = WebService.m; sourceTree = "<group>"; };
		A1151F321DAA5CA3008222ED /* Reachability.h */ = {isa = PBXFileReference; fileEncoding = 4; lastKnownFileType = sourcecode.c.h; path = Reachability.h; sourceTree = "<group>"; };
		A1151F331DAA5CA3008222ED /* Reachability.m */ = {isa = PBXFileReference; fileEncoding = 4; lastKnownFileType = sourcecode.c.objc; path = Reachability.m; sourceTree = "<group>"; };
		A1151F381DAA5CC6008222ED /* AFHTTPSessionManager.h */ = {isa = PBXFileReference; fileEncoding = 4; lastKnownFileType = sourcecode.c.h; path = AFHTTPSessionManager.h; sourceTree = "<group>"; };
		A1151F391DAA5CC6008222ED /* AFHTTPSessionManager.m */ = {isa = PBXFileReference; fileEncoding = 4; lastKnownFileType = sourcecode.c.objc; path = AFHTTPSessionManager.m; sourceTree = "<group>"; };
		A1151F3A1DAA5CC6008222ED /* AFNetworking.h */ = {isa = PBXFileReference; fileEncoding = 4; lastKnownFileType = sourcecode.c.h; path = AFNetworking.h; sourceTree = "<group>"; };
		A1151F3B1DAA5CC6008222ED /* AFNetworkReachabilityManager.h */ = {isa = PBXFileReference; fileEncoding = 4; lastKnownFileType = sourcecode.c.h; path = AFNetworkReachabilityManager.h; sourceTree = "<group>"; };
		A1151F3C1DAA5CC6008222ED /* AFNetworkReachabilityManager.m */ = {isa = PBXFileReference; fileEncoding = 4; lastKnownFileType = sourcecode.c.objc; path = AFNetworkReachabilityManager.m; sourceTree = "<group>"; };
		A1151F3D1DAA5CC6008222ED /* AFSecurityPolicy.h */ = {isa = PBXFileReference; fileEncoding = 4; lastKnownFileType = sourcecode.c.h; path = AFSecurityPolicy.h; sourceTree = "<group>"; };
		A1151F3E1DAA5CC6008222ED /* AFSecurityPolicy.m */ = {isa = PBXFileReference; fileEncoding = 4; lastKnownFileType = sourcecode.c.objc; path = AFSecurityPolicy.m; sourceTree = "<group>"; };
		A1151F3F1DAA5CC6008222ED /* AFURLRequestSerialization.h */ = {isa = PBXFileReference; fileEncoding = 4; lastKnownFileType = sourcecode.c.h; path = AFURLRequestSerialization.h; sourceTree = "<group>"; };
		A1151F401DAA5CC6008222ED /* AFURLRequestSerialization.m */ = {isa = PBXFileReference; fileEncoding = 4; lastKnownFileType = sourcecode.c.objc; path = AFURLRequestSerialization.m; sourceTree = "<group>"; };
		A1151F411DAA5CC6008222ED /* AFURLResponseSerialization.h */ = {isa = PBXFileReference; fileEncoding = 4; lastKnownFileType = sourcecode.c.h; path = AFURLResponseSerialization.h; sourceTree = "<group>"; };
		A1151F421DAA5CC6008222ED /* AFURLResponseSerialization.m */ = {isa = PBXFileReference; fileEncoding = 4; lastKnownFileType = sourcecode.c.objc; path = AFURLResponseSerialization.m; sourceTree = "<group>"; };
		A1151F431DAA5CC6008222ED /* AFURLSessionManager.h */ = {isa = PBXFileReference; fileEncoding = 4; lastKnownFileType = sourcecode.c.h; path = AFURLSessionManager.h; sourceTree = "<group>"; };
		A1151F441DAA5CC6008222ED /* AFURLSessionManager.m */ = {isa = PBXFileReference; fileEncoding = 4; lastKnownFileType = sourcecode.c.objc; path = AFURLSessionManager.m; sourceTree = "<group>"; };
		A1151F4B1DAA5CF5008222ED /* University.h */ = {isa = PBXFileReference; fileEncoding = 4; lastKnownFileType = sourcecode.c.h; path = University.h; sourceTree = "<group>"; };
		A1151F4C1DAA5CF5008222ED /* University.m */ = {isa = PBXFileReference; fileEncoding = 4; lastKnownFileType = sourcecode.c.objc; path = University.m; sourceTree = "<group>"; };
		A1151F4D1DAA5CF5008222ED /* User.h */ = {isa = PBXFileReference; fileEncoding = 4; lastKnownFileType = sourcecode.c.h; path = User.h; sourceTree = "<group>"; };
		A1151F4E1DAA5CF5008222ED /* User.m */ = {isa = PBXFileReference; fileEncoding = 4; lastKnownFileType = sourcecode.c.objc; path = User.m; sourceTree = "<group>"; };
		A1151F4F1DAA5CF5008222ED /* Residence.h */ = {isa = PBXFileReference; fileEncoding = 4; lastKnownFileType = sourcecode.c.h; path = Residence.h; sourceTree = "<group>"; };
		A1151F501DAA5CF5008222ED /* Residence.m */ = {isa = PBXFileReference; fileEncoding = 4; lastKnownFileType = sourcecode.c.objc; path = Residence.m; sourceTree = "<group>"; };
		A1151F551DAA5D13008222ED /* PersistanceManager.h */ = {isa = PBXFileReference; fileEncoding = 4; lastKnownFileType = sourcecode.c.h; path = PersistanceManager.h; sourceTree = "<group>"; };
		A1151F561DAA5D13008222ED /* PersistanceManager.m */ = {isa = PBXFileReference; fileEncoding = 4; lastKnownFileType = sourcecode.c.objc; path = PersistanceManager.m; sourceTree = "<group>"; };
		A1151F571DAA5D13008222ED /* RRRegistration.h */ = {isa = PBXFileReference; fileEncoding = 4; lastKnownFileType = sourcecode.c.h; path = RRRegistration.h; sourceTree = "<group>"; };
		A1151F581DAA5D13008222ED /* RRRegistration.m */ = {isa = PBXFileReference; fileEncoding = 4; lastKnownFileType = sourcecode.c.objc; path = RRRegistration.m; sourceTree = "<group>"; };
		A1151F591DAA5D13008222ED /* RRDateFormater.h */ = {isa = PBXFileReference; fileEncoding = 4; lastKnownFileType = sourcecode.c.h; path = RRDateFormater.h; sourceTree = "<group>"; };
		A1151F5A1DAA5D13008222ED /* RRDateFormater.m */ = {isa = PBXFileReference; fileEncoding = 4; lastKnownFileType = sourcecode.c.objc; path = RRDateFormater.m; sourceTree = "<group>"; };
		A1151F5E1DAA8494008222ED /* Event.h */ = {isa = PBXFileReference; fileEncoding = 4; lastKnownFileType = sourcecode.c.h; path = Event.h; sourceTree = "<group>"; };
		A1151F5F1DAA8494008222ED /* Event.m */ = {isa = PBXFileReference; fileEncoding = 4; lastKnownFileType = sourcecode.c.objc; path = Event.m; sourceTree = "<group>"; };
		A1935A3F1DC38EBE0025711E /* EventsWebService.h */ = {isa = PBXFileReference; fileEncoding = 4; lastKnownFileType = sourcecode.c.h; path = EventsWebService.h; sourceTree = "<group>"; };
		A1935A401DC38EBE0025711E /* EventsWebService.m */ = {isa = PBXFileReference; fileEncoding = 4; lastKnownFileType = sourcecode.c.objc; path = EventsWebService.m; sourceTree = "<group>"; };
		A1935A421DC3E4B20025711E /* Comment.h */ = {isa = PBXFileReference; fileEncoding = 4; lastKnownFileType = sourcecode.c.h; path = Comment.h; sourceTree = "<group>"; };
		A1935A431DC3E4B20025711E /* Comment.m */ = {isa = PBXFileReference; fileEncoding = 4; lastKnownFileType = sourcecode.c.objc; path = Comment.m; sourceTree = "<group>"; };
/* End PBXFileReference section */

/* Begin PBXFrameworksBuildPhase section */
		438A14791D8011C2005E6AF7 /* Frameworks */ = {
			isa = PBXFrameworksBuildPhase;
			buildActionMask = 2147483647;
			files = (
			);
			runOnlyForDeploymentPostprocessing = 0;
		};
		438A14921D8011C2005E6AF7 /* Frameworks */ = {
			isa = PBXFrameworksBuildPhase;
			buildActionMask = 2147483647;
			files = (
			);
			runOnlyForDeploymentPostprocessing = 0;
		};
/* End PBXFrameworksBuildPhase section */

/* Begin PBXGroup section */
		4309193C1D8154F900EE9220 /* Map View */ = {
			isa = PBXGroup;
			children = (
				430919301D8154F400EE9220 /* CurrentUserLocation.h */,
				430919311D8154F400EE9220 /* CurrentUserLocation.m */,
				430919341D8154F400EE9220 /* SearchBarTableViewController.h */,
				430919351D8154F400EE9220 /* SearchBarTableViewController.m */,
				430919361D8154F400EE9220 /* MapViewController.h */,
				430919371D8154F400EE9220 /* MapViewController.m */,
			);
			name = "Map View";
			sourceTree = "<group>";
		};
		430919401D81557300EE9220 /* Model */ = {
			isa = PBXGroup;
			children = (
				A1151F5E1DAA8494008222ED /* Event.h */,
				A1151F5F1DAA8494008222ED /* Event.m */,
				A1151F4B1DAA5CF5008222ED /* University.h */,
				A1151F4C1DAA5CF5008222ED /* University.m */,
				A1151F4D1DAA5CF5008222ED /* User.h */,
				A1151F4E1DAA5CF5008222ED /* User.m */,
				A1151F4F1DAA5CF5008222ED /* Residence.h */,
				A1151F501DAA5CF5008222ED /* Residence.m */,
				4309193D1D81552200EE9220 /* PinLocationData.h */,
				4309193E1D81552200EE9220 /* PinLocationData.m */,
				430503131D89911600CA73D1 /* UniversityLocations.h */,
				430503141D89911600CA73D1 /* UniversityLocations.m */,
				4339813F1D91310B00A995B3 /* HallsOfResidence.h */,
				433981401D91310B00A995B3 /* HallsOfResidence.m */,
				43F2954D1DA63EFE006321BD /* HallsOfResidenceMark.plist */,
				A1935A421DC3E4B20025711E /* Comment.h */,
				A1935A431DC3E4B20025711E /* Comment.m */,
			);
			name = Model;
			sourceTree = "<group>";
		};
		431C45B61D895C4300A05C11 /* Comments */ = {
			isa = PBXGroup;
			children = (
				4319E7831D89582800FD5142 /* CommentTableViewController.h */,
				4319E7841D89582800FD5142 /* CommentTableViewController.m */,
				433B852D1DA7C8FF0092E5F1 /* AddCommentViewController.h */,
				433B852E1DA7C8FF0092E5F1 /* AddCommentViewController.m */,
			);
			name = Comments;
			sourceTree = "<group>";
		};
		431C45BA1D895C8500A05C11 /* Sign In Sign Up */ = {
			isa = PBXGroup;
			children = (
				431C45B71D895C6B00A05C11 /* MainViewController.h */,
				431C45B81D895C6B00A05C11 /* MainViewController.m */,
				430503101D89868700CA73D1 /* UniversityViewController.h */,
				430503111D89868700CA73D1 /* UniversityViewController.m */,
				430503161D8998F600CA73D1 /* SetupLoginDetailsViewController.h */,
				430503171D8998F600CA73D1 /* SetupLoginDetailsViewController.m */,
				43FBC2F01D8AA49100AE4E1F /* TermsViewController.h */,
				43FBC2F11D8AA49100AE4E1F /* TermsViewController.m */,
				43FBC2F31D8AAFBC00AE4E1F /* SetupProfileTableViewController.h */,
				43FBC2F41D8AAFBC00AE4E1F /* SetupProfileTableViewController.m */,
				43D17ED81D8BD7C300451E90 /* AccommodationMapViewController.h */,
				43D17ED91D8BD7C300451E90 /* AccommodationMapViewController.m */,
				43D17EDB1D8C1F1800451E90 /* SignInTableViewController.h */,
				43D17EDC1D8C1F1800451E90 /* SignInTableViewController.m */,
				4380C59E1D8FE34E00FA08C5 /* ForgotPasswordTableViewController.h */,
				4380C59F1D8FE34E00FA08C5 /* ForgotPasswordTableViewController.m */,
				4308DCA61D901462008CA934 /* ContainerForgotPasswordViewController.h */,
				4308DCA71D901462008CA934 /* ContainerForgotPasswordViewController.m */,
			);
			name = "Sign In Sign Up";
			sourceTree = "<group>";
		};
		4350B37E1D93C558001A5AE8 /* ISEmojiView */ = {
			isa = PBXGroup;
			children = (
				4311A5C31DAD36B200052EE1 /* ISEmojiList.plist */,
				4350B3801D93C558001A5AE8 /* ISEmojiView.h */,
				4350B3811D93C558001A5AE8 /* ISEmojiView.m */,
			);
			path = ISEmojiView;
			sourceTree = "<group>";
		};
		436E84B71D8171AB00B23402 /* Profile */ = {
			isa = PBXGroup;
			children = (
				43BE4C341D82A26700D6B26A /* OUserProfileTableViewController.h */,
				43BE4C351D82A26700D6B26A /* OUserProfileTableViewController.m */,
				43BE4C371D82DCDF00D6B26A /* ProfileTableViewController.h */,
				43BE4C381D82DCDF00D6B26A /* ProfileTableViewController.m */,
				43BE4C3A1D82F91400D6B26A /* EditProfileTableViewController.h */,
				43BE4C3B1D82F91400D6B26A /* EditProfileTableViewController.m */,
				4381882F1D86EFCB009591F4 /* ContainerViewController.h */,
				438188301D86EFCB009591F4 /* ContainerViewController.m */,
				43ACED591D87EDAC008D949C /* DeleteConfirmationViewController.h */,
				43ACED5A1D87EDAC008D949C /* DeleteConfirmationViewController.m */,
				43D17EDE1D8C3A1900451E90 /* ChangePasswordTableViewController.h */,
				43D17EDF1D8C3A1900451E90 /* ChangePasswordTableViewController.m */,
			);
			name = Profile;
			sourceTree = "<group>";
		};
		438A14731D8011C2005E6AF7 = {
			isa = PBXGroup;
			children = (
				43A893691D805D8700BEA24B /* profile.png */,
				436E84AF1D815FA700B23402 /* flag.png */,
				430919411D8158A000EE9220 /* car.png */,
				A1151F541DAA5D05008222ED /* Persistance */,
				A1151F2D1DAA5C96008222ED /* Web Service */,
				43B981B51D95220400E7DD05 /* RecipePhotoImagePack */,
				4350B37E1D93C558001A5AE8 /* ISEmojiView */,
				438A14A71D801E0F005E6AF7 /* Lato */,
				438A147E1D8011C2005E6AF7 /* Why Go Solo */,
				438A14981D8011C2005E6AF7 /* Why Go SoloTests */,
				438A147D1D8011C2005E6AF7 /* Products */,
			);
			sourceTree = "<group>";
		};
		438A147D1D8011C2005E6AF7 /* Products */ = {
			isa = PBXGroup;
			children = (
				438A147C1D8011C2005E6AF7 /* Why Go Solo.app */,
				438A14951D8011C2005E6AF7 /* Why Go SoloTests.xctest */,
			);
			name = Products;
			sourceTree = "<group>";
		};
		438A147E1D8011C2005E6AF7 /* Why Go Solo */ = {
			isa = PBXGroup;
			children = (
				4380C59B1D8FD70000FA08C5 /* FontSetup.h */,
				4380C59C1D8FD70000FA08C5 /* FontSetup.m */,
				431C45BA1D895C8500A05C11 /* Sign In Sign Up */,
				431C45B61D895C4300A05C11 /* Comments */,
				436E84B71D8171AB00B23402 /* Profile */,
				430919401D81557300EE9220 /* Model */,
				43A893651D8057B200BEA24B /* Table Cells */,
				4309193C1D8154F900EE9220 /* Map View */,
				438A14821D8011C2005E6AF7 /* AppDelegate.h */,
				438A14831D8011C2005E6AF7 /* AppDelegate.m */,
				43B981E01D95318400E7DD05 /* Collection Cells */,
				43A325F11DA4EE2F0017FE27 /* OverlayView.xib */,
				43A325F31DA4EE620017FE27 /* OverlayView.h */,
				43A325F41DA4EE620017FE27 /* OverlayView.m */,
				43ECC9EC1DA250AB0059A333 /* CreateCollectionViewController.h */,
				43ECC9ED1DA250AB0059A333 /* CreateCollectionViewController.m */,
				4335A4DF1D9E5E0600DCCC3E /* EditCollectionViewController.h */,
				4335A4E01D9E5E0600DCCC3E /* EditCollectionViewController.m */,
				43BD7BB11D86993B00DDA384 /* PeopleViewController.h */,
				43BD7BB21D86993B00DDA384 /* PeopleViewController.m */,
				43A893661D8057FA00BEA24B /* EventTableViewController.h */,
				43A893671D8057FA00BEA24B /* EventTableViewController.m */,
				43ECC9F41DA27FE80059A333 /* PeopleEventCollectionViewController.h */,
				43ECC9F51DA27FE80059A333 /* PeopleEventCollectionViewController.m */,
				4308DCA91D9025A3008CA934 /* FilterViewController.h */,
				4308DCAA1D9025A3008CA934 /* FilterViewController.m */,
				43F295521DA698AF006321BD /* DirectionViewController.h */,
				43F295531DA698AF006321BD /* DirectionViewController.m */,
				43ECC9EB1DA24D1E0059A333 /* No Longer Need */,
				438A14881D8011C2005E6AF7 /* Main.storyboard */,
				438A148B1D8011C2005E6AF7 /* Assets.xcassets */,
				438A148D1D8011C2005E6AF7 /* LaunchScreen.storyboard */,
				438A14901D8011C2005E6AF7 /* Info.plist */,
				438A147F1D8011C2005E6AF7 /* Supporting Files */,
			);
			path = "Why Go Solo";
			sourceTree = "<group>";
		};
		438A147F1D8011C2005E6AF7 /* Supporting Files */ = {
			isa = PBXGroup;
			children = (
				438A14801D8011C2005E6AF7 /* main.m */,
			);
			name = "Supporting Files";
			sourceTree = "<group>";
		};
		438A14981D8011C2005E6AF7 /* Why Go SoloTests */ = {
			isa = PBXGroup;
			children = (
				438A14991D8011C2005E6AF7 /* Why_Go_SoloTests.m */,
				438A149B1D8011C2005E6AF7 /* Info.plist */,
			);
			path = "Why Go SoloTests";
			sourceTree = "<group>";
		};
		438A14A71D801E0F005E6AF7 /* Lato */ = {
			isa = PBXGroup;
			children = (
				438A14A81D801E0F005E6AF7 /* Lato-Black.ttf */,
				438A14A91D801E0F005E6AF7 /* Lato-BlackItalic.ttf */,
				438A14AA1D801E0F005E6AF7 /* Lato-Bold.ttf */,
				438A14AB1D801E0F005E6AF7 /* Lato-BoldItalic.ttf */,
				438A14AC1D801E0F005E6AF7 /* Lato-Hairline.ttf */,
				438A14AD1D801E0F005E6AF7 /* Lato-HairlineItalic.ttf */,
				438A14AE1D801E0F005E6AF7 /* Lato-Italic.ttf */,
				438A14AF1D801E0F005E6AF7 /* Lato-Light.ttf */,
				438A14B01D801E0F005E6AF7 /* Lato-LightItalic.ttf */,
				438A14B11D801E0F005E6AF7 /* Lato-Regular.ttf */,
				438A14B21D801E0F005E6AF7 /* OFL.txt */,
			);
			path = Lato;
			sourceTree = "<group>";
		};
		43A893651D8057B200BEA24B /* Table Cells */ = {
			isa = PBXGroup;
			children = (
				43A893561D8057AE00BEA24B /* Events.xib */,
				43A8935B1D8057AE00BEA24B /* EventsTableViewCell.h */,
				43A8935C1D8057AE00BEA24B /* EventsTableViewCell.m */,
				43B4009B1D86BDE70094DFB6 /* PeopleEvent.xib */,
				43B4009D1D86C0F20094DFB6 /* PeopleEventTableViewCell.h */,
				43B4009E1D86C0F20094DFB6 /* PeopleEventTableViewCell.m */,
				43A8935D1D8057AE00BEA24B /* FooterEvents.xib */,
				43A893571D8057AE00BEA24B /* FooterEventsTableViewCell.h */,
				43A893581D8057AE00BEA24B /* FooterEventsTableViewCell.m */,
				43A8935E1D8057AE00BEA24B /* HeaderEvents.xib */,
				43A893591D8057AE00BEA24B /* HeaderEventsTableViewCell.h */,
				43A8935A1D8057AE00BEA24B /* HeaderEventsTableViewCell.m */,
				43FBC2F91D8AC6C200AE4E1F /* PeopleNotAttending.xib */,
				43FBC2F61D8AC6AD00AE4E1F /* PeopleNotAttendingTableViewCell.h */,
				43FBC2F71D8AC6AD00AE4E1F /* PeopleNotAttendingTableViewCell.m */,
				4383E10C1D93ECF90021CA30 /* FriendHeader.xib */,
				4383E1091D93ECD50021CA30 /* FriendHeaderTableViewCell.h */,
				4383E10A1D93ECD50021CA30 /* FriendHeaderTableViewCell.m */,
				433B85281DA79B4F0092E5F1 /* CommentCell.xib */,
				433B852A1DA7A1B40092E5F1 /* CommentsTableViewCell.h */,
				433B852B1DA7A1B40092E5F1 /* CommentsTableViewCell.m */,
				43EAA7A91DAA6BE50029828B /* OtherProfile.xib */,
				43EAA7AB1DAA6C790029828B /* OtherProfileTableViewCell.h */,
				43EAA7AC1DAA6C790029828B /* OtherProfileTableViewCell.m */,
			);
			name = "Table Cells";
			path = ..;
			sourceTree = "<group>";
		};
		43B981B51D95220400E7DD05 /* RecipePhotoImagePack */ = {
			isa = PBXGroup;
			children = (
				43B981B61D95220400E7DD05 /* angry_birds_cake.jpg */,
				43B981B71D95220400E7DD05 /* creme_brelee.jpg */,
				43B981B81D95220400E7DD05 /* egg_benedict.jpg */,
				43B981B91D95220400E7DD05 /* full_breakfast.jpg */,
				43B981BA1D95220400E7DD05 /* green_tea.jpg */,
				43B981BB1D95220400E7DD05 /* ham_and_cheese_panini.jpg */,
				43B981BC1D95220400E7DD05 /* ham_and_egg_sandwich.jpg */,
				43B981BD1D95220400E7DD05 /* hamburger.jpg */,
				43B981BE1D95220400E7DD05 /* instant_noodle_with_egg.jpg */,
				43B981BF1D95220400E7DD05 /* japanese_noodle_with_pork.jpg */,
				43B981C01D95220400E7DD05 /* mushroom_risotto.jpg */,
				43B981C11D95220400E7DD05 /* noodle_with_bbq_pork.jpg */,
				43B981C21D95220400E7DD05 /* photo-frame.png */,
				43B981C31D95220400E7DD05 /* starbucks_coffee.jpg */,
				43B981C41D95220400E7DD05 /* thai_shrimp_cake.jpg */,
				43B981C51D95220400E7DD05 /* vegetable_curry.jpg */,
				43B981C61D95220400E7DD05 /* white_chocolate_donut.jpg */,
			);
			path = RecipePhotoImagePack;
			sourceTree = "<group>";
		};
		43B981E01D95318400E7DD05 /* Collection Cells */ = {
			isa = PBXGroup;
			children = (
				43B981DA1D95282900E7DD05 /* CollectionCell.xib */,
				43B981DC1D95291800E7DD05 /* FriendCollectionViewCell.h */,
				43B981DD1D95291800E7DD05 /* FriendCollectionViewCell.m */,
				43B981E11D9534C100E7DD05 /* HeaderCollectionReusableView.h */,
				43B981E21D9534C100E7DD05 /* HeaderCollectionReusableView.m */,
				436655AD1D9E6A910041F491 /* EditCell.xib */,
				436655AF1D9E6DD70041F491 /* EditCellCollectionViewCell.h */,
				436655B01D9E6DD70041F491 /* EditCellCollectionViewCell.m */,
				43ECC9EF1DA25B480059A333 /* CreateCell.xib */,
				43ECC9F11DA25D930059A333 /* CreateCollectionViewCell.h */,
				43ECC9F21DA25D930059A333 /* CreateCollectionViewCell.m */,
				43ECC9F71DA284D40059A333 /* EventCollectionCell.xib */,
				43ECC9FC1DA287240059A333 /* EventCollectionViewCell.h */,
				43ECC9FD1DA287240059A333 /* EventCollectionViewCell.m */,
			);
			name = "Collection Cells";
			path = ..;
			sourceTree = "<group>";
		};
		43ECC9EB1DA24D1E0059A333 /* No Longer Need */ = {
			isa = PBXGroup;
			children = (
				430C14B61D929D5900F76C35 /* CreateEventViewController.h */,
				430C14B71D929D5900F76C35 /* CreateEventViewController.m */,
				434288971D9D11BE00D4E911 /* EditViewController.h */,
				434288981D9D11BE00D4E911 /* EditViewController.m */,
			);
			name = "No Longer Need";
			path = ..;
			sourceTree = "<group>";
		};
		A1151F2D1DAA5C96008222ED /* Web Service */ = {
			isa = PBXGroup;
			children = (
				A1151F2E1DAA5CA3008222ED /* Data.h */,
				A1151F2F1DAA5CA3008222ED /* Data.m */,
				A1151F301DAA5CA3008222ED /* WebService.h */,
				A1151F311DAA5CA3008222ED /* WebService.m */,
				A1935A3F1DC38EBE0025711E /* EventsWebService.h */,
				A1935A401DC38EBE0025711E /* EventsWebService.m */,
				A1151F321DAA5CA3008222ED /* Reachability.h */,
				A1151F331DAA5CA3008222ED /* Reachability.m */,
				A1151F371DAA5CB1008222ED /* AFNetworking */,
			);
			name = "Web Service";
			sourceTree = "<group>";
		};
		A1151F371DAA5CB1008222ED /* AFNetworking */ = {
			isa = PBXGroup;
			children = (
				A1151F381DAA5CC6008222ED /* AFHTTPSessionManager.h */,
				A1151F391DAA5CC6008222ED /* AFHTTPSessionManager.m */,
				A1151F3A1DAA5CC6008222ED /* AFNetworking.h */,
				A1151F3B1DAA5CC6008222ED /* AFNetworkReachabilityManager.h */,
				A1151F3C1DAA5CC6008222ED /* AFNetworkReachabilityManager.m */,
				A1151F3D1DAA5CC6008222ED /* AFSecurityPolicy.h */,
				A1151F3E1DAA5CC6008222ED /* AFSecurityPolicy.m */,
				A1151F3F1DAA5CC6008222ED /* AFURLRequestSerialization.h */,
				A1151F401DAA5CC6008222ED /* AFURLRequestSerialization.m */,
				A1151F411DAA5CC6008222ED /* AFURLResponseSerialization.h */,
				A1151F421DAA5CC6008222ED /* AFURLResponseSerialization.m */,
				A1151F431DAA5CC6008222ED /* AFURLSessionManager.h */,
				A1151F441DAA5CC6008222ED /* AFURLSessionManager.m */,
			);
			name = AFNetworking;
			sourceTree = "<group>";
		};
		A1151F541DAA5D05008222ED /* Persistance */ = {
			isa = PBXGroup;
			children = (
				A1151F551DAA5D13008222ED /* PersistanceManager.h */,
				A1151F561DAA5D13008222ED /* PersistanceManager.m */,
				A1151F571DAA5D13008222ED /* RRRegistration.h */,
				A1151F581DAA5D13008222ED /* RRRegistration.m */,
				A1151F591DAA5D13008222ED /* RRDateFormater.h */,
				A1151F5A1DAA5D13008222ED /* RRDateFormater.m */,
			);
			name = Persistance;
			sourceTree = "<group>";
		};
/* End PBXGroup section */

/* Begin PBXNativeTarget section */
		438A147B1D8011C2005E6AF7 /* Why Go Solo */ = {
			isa = PBXNativeTarget;
			buildConfigurationList = 438A149E1D8011C2005E6AF7 /* Build configuration list for PBXNativeTarget "Why Go Solo" */;
			buildPhases = (
				438A14781D8011C2005E6AF7 /* Sources */,
				438A14791D8011C2005E6AF7 /* Frameworks */,
				438A147A1D8011C2005E6AF7 /* Resources */,
			);
			buildRules = (
			);
			dependencies = (
			);
			name = "Why Go Solo";
			productName = "Why Go Solo";
			productReference = 438A147C1D8011C2005E6AF7 /* Why Go Solo.app */;
			productType = "com.apple.product-type.application";
		};
		438A14941D8011C2005E6AF7 /* Why Go SoloTests */ = {
			isa = PBXNativeTarget;
			buildConfigurationList = 438A14A11D8011C2005E6AF7 /* Build configuration list for PBXNativeTarget "Why Go SoloTests" */;
			buildPhases = (
				438A14911D8011C2005E6AF7 /* Sources */,
				438A14921D8011C2005E6AF7 /* Frameworks */,
				438A14931D8011C2005E6AF7 /* Resources */,
			);
			buildRules = (
			);
			dependencies = (
				438A14971D8011C2005E6AF7 /* PBXTargetDependency */,
			);
			name = "Why Go SoloTests";
			productName = "Why Go SoloTests";
			productReference = 438A14951D8011C2005E6AF7 /* Why Go SoloTests.xctest */;
			productType = "com.apple.product-type.bundle.unit-test";
		};
/* End PBXNativeTarget section */

/* Begin PBXProject section */
		438A14741D8011C2005E6AF7 /* Project object */ = {
			isa = PBXProject;
			attributes = {
				LastUpgradeCheck = 0730;
				ORGANIZATIONNAME = Izzy;
				TargetAttributes = {
					438A147B1D8011C2005E6AF7 = {
						CreatedOnToolsVersion = 7.3.1;
					};
					438A14941D8011C2005E6AF7 = {
						CreatedOnToolsVersion = 7.3.1;
						TestTargetID = 438A147B1D8011C2005E6AF7;
					};
				};
			};
			buildConfigurationList = 438A14771D8011C2005E6AF7 /* Build configuration list for PBXProject "Why Go Solo" */;
			compatibilityVersion = "Xcode 3.2";
			developmentRegion = English;
			hasScannedForEncodings = 0;
			knownRegions = (
				en,
				Base,
			);
			mainGroup = 438A14731D8011C2005E6AF7;
			productRefGroup = 438A147D1D8011C2005E6AF7 /* Products */;
			projectDirPath = "";
			projectRoot = "";
			targets = (
				438A147B1D8011C2005E6AF7 /* Why Go Solo */,
				438A14941D8011C2005E6AF7 /* Why Go SoloTests */,
			);
		};
/* End PBXProject section */

/* Begin PBXResourcesBuildPhase section */
		438A147A1D8011C2005E6AF7 /* Resources */ = {
			isa = PBXResourcesBuildPhase;
			buildActionMask = 2147483647;
			files = (
				43B981D41D95220400E7DD05 /* starbucks_coffee.jpg in Resources */,
				438A14BD1D801E0F005E6AF7 /* OFL.txt in Resources */,
				433B85291DA79B4F0092E5F1 /* CommentCell.xib in Resources */,
				43A325F21DA4EE2F0017FE27 /* OverlayView.xib in Resources */,
				436E84B01D815FA700B23402 /* flag.png in Resources */,
				43B981CF1D95220400E7DD05 /* instant_noodle_with_egg.jpg in Resources */,
				4383E10D1D93ECF90021CA30 /* FriendHeader.xib in Resources */,
				43ECC9F81DA284D40059A333 /* EventCollectionCell.xib in Resources */,
				43A893641D8057AE00BEA24B /* HeaderEvents.xib in Resources */,
				43B981CE1D95220400E7DD05 /* hamburger.jpg in Resources */,
				430919421D8158A000EE9220 /* car.png in Resources */,
				438A14B91D801E0F005E6AF7 /* Lato-Italic.ttf in Resources */,
				43B981C71D95220400E7DD05 /* angry_birds_cake.jpg in Resources */,
				43B981D21D95220400E7DD05 /* noodle_with_bbq_pork.jpg in Resources */,
				43B981D71D95220400E7DD05 /* white_chocolate_donut.jpg in Resources */,
				438A14B31D801E0F005E6AF7 /* Lato-Black.ttf in Resources */,
				43B981C81D95220400E7DD05 /* creme_brelee.jpg in Resources */,
				438A14B51D801E0F005E6AF7 /* Lato-Bold.ttf in Resources */,
				438A14BA1D801E0F005E6AF7 /* Lato-Light.ttf in Resources */,
				43B981D31D95220400E7DD05 /* photo-frame.png in Resources */,
				43A893631D8057AE00BEA24B /* FooterEvents.xib in Resources */,
				43B981D11D95220400E7DD05 /* mushroom_risotto.jpg in Resources */,
				436655AE1D9E6A910041F491 /* EditCell.xib in Resources */,
				438A148F1D8011C2005E6AF7 /* LaunchScreen.storyboard in Resources */,
				43F2954E1DA63EFE006321BD /* HallsOfResidenceMark.plist in Resources */,
				43B981CC1D95220400E7DD05 /* ham_and_cheese_panini.jpg in Resources */,
				438A14B41D801E0F005E6AF7 /* Lato-BlackItalic.ttf in Resources */,
				4311A5C41DAD36B200052EE1 /* ISEmojiList.plist in Resources */,
				43B981CD1D95220400E7DD05 /* ham_and_egg_sandwich.jpg in Resources */,
				43B981D01D95220400E7DD05 /* japanese_noodle_with_pork.jpg in Resources */,
				438A148C1D8011C2005E6AF7 /* Assets.xcassets in Resources */,
				43ECC9F01DA25B480059A333 /* CreateCell.xib in Resources */,
				43B4009C1D86BDE70094DFB6 /* PeopleEvent.xib in Resources */,
				43B981CA1D95220400E7DD05 /* full_breakfast.jpg in Resources */,
				438A14BB1D801E0F005E6AF7 /* Lato-LightItalic.ttf in Resources */,
				43B981C91D95220400E7DD05 /* egg_benedict.jpg in Resources */,
				438A14B81D801E0F005E6AF7 /* Lato-HairlineItalic.ttf in Resources */,
				438A14B61D801E0F005E6AF7 /* Lato-BoldItalic.ttf in Resources */,
				43A8936A1D805D8700BEA24B /* profile.png in Resources */,
				43B981DB1D95282900E7DD05 /* CollectionCell.xib in Resources */,
				43B981CB1D95220400E7DD05 /* green_tea.jpg in Resources */,
				438A14BC1D801E0F005E6AF7 /* Lato-Regular.ttf in Resources */,
				438A14B71D801E0F005E6AF7 /* Lato-Hairline.ttf in Resources */,
				43A8935F1D8057AE00BEA24B /* Events.xib in Resources */,
				438A148A1D8011C2005E6AF7 /* Main.storyboard in Resources */,
				43B981D51D95220400E7DD05 /* thai_shrimp_cake.jpg in Resources */,
				43EAA7AA1DAA6BE50029828B /* OtherProfile.xib in Resources */,
				43FBC2FA1D8AC6C200AE4E1F /* PeopleNotAttending.xib in Resources */,
				43B981D61D95220400E7DD05 /* vegetable_curry.jpg in Resources */,
			);
			runOnlyForDeploymentPostprocessing = 0;
		};
		438A14931D8011C2005E6AF7 /* Resources */ = {
			isa = PBXResourcesBuildPhase;
			buildActionMask = 2147483647;
			files = (
			);
			runOnlyForDeploymentPostprocessing = 0;
		};
/* End PBXResourcesBuildPhase section */

/* Begin PBXSourcesBuildPhase section */
		438A14781D8011C2005E6AF7 /* Sources */ = {
			isa = PBXSourcesBuildPhase;
			buildActionMask = 2147483647;
			files = (
				A1151F601DAA8494008222ED /* Event.m in Sources */,
				43A893611D8057AE00BEA24B /* HeaderEventsTableViewCell.m in Sources */,
				43A893621D8057AE00BEA24B /* EventsTableViewCell.m in Sources */,
				433B852F1DA7C8FF0092E5F1 /* AddCommentViewController.m in Sources */,
				4383E10B1D93ECD50021CA30 /* FriendHeaderTableViewCell.m in Sources */,
				434288991D9D11BE00D4E911 /* EditViewController.m in Sources */,
				A1151F4A1DAA5CC6008222ED /* AFURLSessionManager.m in Sources */,
				43B981DE1D95291800E7DD05 /* FriendCollectionViewCell.m in Sources */,
				43ECC9FE1DA287240059A333 /* EventCollectionViewCell.m in Sources */,
				431C45B91D895C6B00A05C11 /* MainViewController.m in Sources */,
				43D17EDA1D8BD7C300451E90 /* AccommodationMapViewController.m in Sources */,
				43EAA7AD1DAA6C790029828B /* OtherProfileTableViewCell.m in Sources */,
				438188311D86EFCB009591F4 /* ContainerViewController.m in Sources */,
				43ECC9F31DA25D930059A333 /* CreateCollectionViewCell.m in Sources */,
				43FBC2F21D8AA49100AE4E1F /* TermsViewController.m in Sources */,
				A1151F5D1DAA5D13008222ED /* RRDateFormater.m in Sources */,
				4335A4E11D9E5E0600DCCC3E /* EditCollectionViewController.m in Sources */,
				4380C59D1D8FD70000FA08C5 /* FontSetup.m in Sources */,
				43BD7BB31D86993B00DDA384 /* PeopleViewController.m in Sources */,
				430919381D8154F400EE9220 /* CurrentUserLocation.m in Sources */,
				43BE4C3C1D82F91400D6B26A /* EditProfileTableViewController.m in Sources */,
				43F295541DA698AF006321BD /* DirectionViewController.m in Sources */,
				430503151D89911600CA73D1 /* UniversityLocations.m in Sources */,
				A1151F521DAA5CF5008222ED /* User.m in Sources */,
				43D17EE01D8C3A1900451E90 /* ChangePasswordTableViewController.m in Sources */,
				4350B3831D93C558001A5AE8 /* ISEmojiView.m in Sources */,
				43A325F51DA4EE620017FE27 /* OverlayView.m in Sources */,
				43A893601D8057AE00BEA24B /* FooterEventsTableViewCell.m in Sources */,
				43B981E31D9534C100E7DD05 /* HeaderCollectionReusableView.m in Sources */,
				4309193A1D8154F400EE9220 /* SearchBarTableViewController.m in Sources */,
				A1151F5B1DAA5D13008222ED /* PersistanceManager.m in Sources */,
				A1151F341DAA5CA3008222ED /* Data.m in Sources */,
				A1151F361DAA5CA3008222ED /* Reachability.m in Sources */,
				4309193F1D81552200EE9220 /* PinLocationData.m in Sources */,
				A1151F491DAA5CC6008222ED /* AFURLResponseSerialization.m in Sources */,
				433981411D91310B00A995B3 /* HallsOfResidence.m in Sources */,
				4308DCA81D901462008CA934 /* ContainerForgotPasswordViewController.m in Sources */,
				436655B11D9E6DD70041F491 /* EditCellCollectionViewCell.m in Sources */,
				A1151F471DAA5CC6008222ED /* AFSecurityPolicy.m in Sources */,
				43D17EDD1D8C1F1800451E90 /* SignInTableViewController.m in Sources */,
				43A893681D8057FA00BEA24B /* EventTableViewController.m in Sources */,
				430C14B81D929D5900F76C35 /* CreateEventViewController.m in Sources */,
				4380C5A01D8FE34E00FA08C5 /* ForgotPasswordTableViewController.m in Sources */,
				43FBC2F51D8AAFBC00AE4E1F /* SetupProfileTableViewController.m in Sources */,
				43BE4C391D82DCDF00D6B26A /* ProfileTableViewController.m in Sources */,
				438A14841D8011C2005E6AF7 /* AppDelegate.m in Sources */,
				4308DCAB1D9025A3008CA934 /* FilterViewController.m in Sources */,
				438A14811D8011C2005E6AF7 /* main.m in Sources */,
				A1151F451DAA5CC6008222ED /* AFHTTPSessionManager.m in Sources */,
				A1151F511DAA5CF5008222ED /* University.m in Sources */,
				43FBC2F81D8AC6AD00AE4E1F /* PeopleNotAttendingTableViewCell.m in Sources */,
				430503121D89868700CA73D1 /* UniversityViewController.m in Sources */,
				430503181D8998F600CA73D1 /* SetupLoginDetailsViewController.m in Sources */,
				A1151F351DAA5CA3008222ED /* WebService.m in Sources */,
				4309193B1D8154F400EE9220 /* MapViewController.m in Sources */,
				A1935A441DC3E4B20025711E /* Comment.m in Sources */,
				A1151F481DAA5CC6008222ED /* AFURLRequestSerialization.m in Sources */,
				A1935A411DC38EBE0025711E /* EventsWebService.m in Sources */,
				A1151F461DAA5CC6008222ED /* AFNetworkReachabilityManager.m in Sources */,
				A1151F531DAA5CF5008222ED /* Residence.m in Sources */,
				43ECC9EE1DA250AB0059A333 /* CreateCollectionViewController.m in Sources */,
				43ECC9F61DA27FE80059A333 /* PeopleEventCollectionViewController.m in Sources */,
				433B852C1DA7A1B40092E5F1 /* CommentsTableViewCell.m in Sources */,
				A1151F5C1DAA5D13008222ED /* RRRegistration.m in Sources */,
				4319E7851D89582800FD5142 /* CommentTableViewController.m in Sources */,
				43BE4C361D82A26700D6B26A /* OUserProfileTableViewController.m in Sources */,
				43ACED5B1D87EDAC008D949C /* DeleteConfirmationViewController.m in Sources */,
				43B4009F1D86C0F20094DFB6 /* PeopleEventTableViewCell.m in Sources */,
			);
			runOnlyForDeploymentPostprocessing = 0;
		};
		438A14911D8011C2005E6AF7 /* Sources */ = {
			isa = PBXSourcesBuildPhase;
			buildActionMask = 2147483647;
			files = (
				438A149A1D8011C2005E6AF7 /* Why_Go_SoloTests.m in Sources */,
			);
			runOnlyForDeploymentPostprocessing = 0;
		};
/* End PBXSourcesBuildPhase section */

/* Begin PBXTargetDependency section */
		438A14971D8011C2005E6AF7 /* PBXTargetDependency */ = {
			isa = PBXTargetDependency;
			target = 438A147B1D8011C2005E6AF7 /* Why Go Solo */;
			targetProxy = 438A14961D8011C2005E6AF7 /* PBXContainerItemProxy */;
		};
/* End PBXTargetDependency section */

/* Begin PBXVariantGroup section */
		438A14881D8011C2005E6AF7 /* Main.storyboard */ = {
			isa = PBXVariantGroup;
			children = (
				438A14891D8011C2005E6AF7 /* Base */,
			);
			name = Main.storyboard;
			sourceTree = "<group>";
		};
		438A148D1D8011C2005E6AF7 /* LaunchScreen.storyboard */ = {
			isa = PBXVariantGroup;
			children = (
				438A148E1D8011C2005E6AF7 /* Base */,
			);
			name = LaunchScreen.storyboard;
			sourceTree = "<group>";
		};
/* End PBXVariantGroup section */

/* Begin XCBuildConfiguration section */
		438A149C1D8011C2005E6AF7 /* Debug */ = {
			isa = XCBuildConfiguration;
			buildSettings = {
				ALWAYS_SEARCH_USER_PATHS = NO;
				CLANG_ANALYZER_NONNULL = YES;
				CLANG_CXX_LANGUAGE_STANDARD = "gnu++0x";
				CLANG_CXX_LIBRARY = "libc++";
				CLANG_ENABLE_MODULES = YES;
				CLANG_ENABLE_OBJC_ARC = YES;
				CLANG_WARN_BOOL_CONVERSION = YES;
				CLANG_WARN_CONSTANT_CONVERSION = YES;
				CLANG_WARN_DIRECT_OBJC_ISA_USAGE = YES_ERROR;
				CLANG_WARN_EMPTY_BODY = YES;
				CLANG_WARN_ENUM_CONVERSION = YES;
				CLANG_WARN_INT_CONVERSION = YES;
				CLANG_WARN_OBJC_ROOT_CLASS = YES_ERROR;
				CLANG_WARN_UNREACHABLE_CODE = YES;
				CLANG_WARN__DUPLICATE_METHOD_MATCH = YES;
				"CODE_SIGN_IDENTITY[sdk=iphoneos*]" = "iPhone Developer";
				COPY_PHASE_STRIP = NO;
				DEBUG_INFORMATION_FORMAT = dwarf;
				ENABLE_STRICT_OBJC_MSGSEND = YES;
				ENABLE_TESTABILITY = YES;
				GCC_C_LANGUAGE_STANDARD = gnu99;
				GCC_DYNAMIC_NO_PIC = NO;
				GCC_NO_COMMON_BLOCKS = YES;
				GCC_OPTIMIZATION_LEVEL = 0;
				GCC_PREPROCESSOR_DEFINITIONS = (
					"DEBUG=1",
					"$(inherited)",
				);
				GCC_WARN_64_TO_32_BIT_CONVERSION = YES;
				GCC_WARN_ABOUT_RETURN_TYPE = YES_ERROR;
				GCC_WARN_UNDECLARED_SELECTOR = YES;
				GCC_WARN_UNINITIALIZED_AUTOS = YES_AGGRESSIVE;
				GCC_WARN_UNUSED_FUNCTION = YES;
				GCC_WARN_UNUSED_VARIABLE = YES;
				IPHONEOS_DEPLOYMENT_TARGET = 9.3;
				MTL_ENABLE_DEBUG_INFO = YES;
				ONLY_ACTIVE_ARCH = YES;
				SDKROOT = iphoneos;
				TARGETED_DEVICE_FAMILY = "1,2";
			};
			name = Debug;
		};
		438A149D1D8011C2005E6AF7 /* Release */ = {
			isa = XCBuildConfiguration;
			buildSettings = {
				ALWAYS_SEARCH_USER_PATHS = NO;
				CLANG_ANALYZER_NONNULL = YES;
				CLANG_CXX_LANGUAGE_STANDARD = "gnu++0x";
				CLANG_CXX_LIBRARY = "libc++";
				CLANG_ENABLE_MODULES = YES;
				CLANG_ENABLE_OBJC_ARC = YES;
				CLANG_WARN_BOOL_CONVERSION = YES;
				CLANG_WARN_CONSTANT_CONVERSION = YES;
				CLANG_WARN_DIRECT_OBJC_ISA_USAGE = YES_ERROR;
				CLANG_WARN_EMPTY_BODY = YES;
				CLANG_WARN_ENUM_CONVERSION = YES;
				CLANG_WARN_INT_CONVERSION = YES;
				CLANG_WARN_OBJC_ROOT_CLASS = YES_ERROR;
				CLANG_WARN_UNREACHABLE_CODE = YES;
				CLANG_WARN__DUPLICATE_METHOD_MATCH = YES;
				"CODE_SIGN_IDENTITY[sdk=iphoneos*]" = "iPhone Developer";
				COPY_PHASE_STRIP = NO;
				DEBUG_INFORMATION_FORMAT = "dwarf-with-dsym";
				ENABLE_NS_ASSERTIONS = NO;
				ENABLE_STRICT_OBJC_MSGSEND = YES;
				GCC_C_LANGUAGE_STANDARD = gnu99;
				GCC_NO_COMMON_BLOCKS = YES;
				GCC_WARN_64_TO_32_BIT_CONVERSION = YES;
				GCC_WARN_ABOUT_RETURN_TYPE = YES_ERROR;
				GCC_WARN_UNDECLARED_SELECTOR = YES;
				GCC_WARN_UNINITIALIZED_AUTOS = YES_AGGRESSIVE;
				GCC_WARN_UNUSED_FUNCTION = YES;
				GCC_WARN_UNUSED_VARIABLE = YES;
				IPHONEOS_DEPLOYMENT_TARGET = 9.3;
				MTL_ENABLE_DEBUG_INFO = NO;
				SDKROOT = iphoneos;
				TARGETED_DEVICE_FAMILY = "1,2";
				VALIDATE_PRODUCT = YES;
			};
			name = Release;
		};
		438A149F1D8011C2005E6AF7 /* Debug */ = {
			isa = XCBuildConfiguration;
			buildSettings = {
				ASSETCATALOG_COMPILER_APPICON_NAME = AppIcon;
				GCC_INPUT_FILETYPE = automatic;
				INFOPLIST_FILE = "Why Go Solo/Info.plist";
				IPHONEOS_DEPLOYMENT_TARGET = 9.0;
				LD_RUNPATH_SEARCH_PATHS = "$(inherited) @executable_path/Frameworks";
				PRODUCT_BUNDLE_IDENTIFIER = "com.reraise.Why-Go-Solo";
				PRODUCT_NAME = "$(TARGET_NAME)";
			};
			name = Debug;
		};
		438A14A01D8011C2005E6AF7 /* Release */ = {
			isa = XCBuildConfiguration;
			buildSettings = {
				ASSETCATALOG_COMPILER_APPICON_NAME = AppIcon;
				GCC_INPUT_FILETYPE = automatic;
				INFOPLIST_FILE = "Why Go Solo/Info.plist";
				IPHONEOS_DEPLOYMENT_TARGET = 9.0;
				LD_RUNPATH_SEARCH_PATHS = "$(inherited) @executable_path/Frameworks";
				PRODUCT_BUNDLE_IDENTIFIER = "com.reraise.Why-Go-Solo";
				PRODUCT_NAME = "$(TARGET_NAME)";
			};
			name = Release;
		};
		438A14A21D8011C2005E6AF7 /* Debug */ = {
			isa = XCBuildConfiguration;
			buildSettings = {
				BUNDLE_LOADER = "$(TEST_HOST)";
				INFOPLIST_FILE = "Why Go SoloTests/Info.plist";
				LD_RUNPATH_SEARCH_PATHS = "$(inherited) @executable_path/Frameworks @loader_path/Frameworks";
				PRODUCT_BUNDLE_IDENTIFIER = "com.reraise.Why-Go-SoloTests";
				PRODUCT_NAME = "$(TARGET_NAME)";
				TEST_HOST = "$(BUILT_PRODUCTS_DIR)/Why Go Solo.app/Why Go Solo";
			};
			name = Debug;
		};
		438A14A31D8011C2005E6AF7 /* Release */ = {
			isa = XCBuildConfiguration;
			buildSettings = {
				BUNDLE_LOADER = "$(TEST_HOST)";
				INFOPLIST_FILE = "Why Go SoloTests/Info.plist";
				LD_RUNPATH_SEARCH_PATHS = "$(inherited) @executable_path/Frameworks @loader_path/Frameworks";
				PRODUCT_BUNDLE_IDENTIFIER = "com.reraise.Why-Go-SoloTests";
				PRODUCT_NAME = "$(TARGET_NAME)";
				TEST_HOST = "$(BUILT_PRODUCTS_DIR)/Why Go Solo.app/Why Go Solo";
			};
			name = Release;
		};
/* End XCBuildConfiguration section */

/* Begin XCConfigurationList section */
		438A14771D8011C2005E6AF7 /* Build configuration list for PBXProject "Why Go Solo" */ = {
			isa = XCConfigurationList;
			buildConfigurations = (
				438A149C1D8011C2005E6AF7 /* Debug */,
				438A149D1D8011C2005E6AF7 /* Release */,
			);
			defaultConfigurationIsVisible = 0;
			defaultConfigurationName = Release;
		};
		438A149E1D8011C2005E6AF7 /* Build configuration list for PBXNativeTarget "Why Go Solo" */ = {
			isa = XCConfigurationList;
			buildConfigurations = (
				438A149F1D8011C2005E6AF7 /* Debug */,
				438A14A01D8011C2005E6AF7 /* Release */,
			);
			defaultConfigurationIsVisible = 0;
			defaultConfigurationName = Release;
		};
		438A14A11D8011C2005E6AF7 /* Build configuration list for PBXNativeTarget "Why Go SoloTests" */ = {
			isa = XCConfigurationList;
			buildConfigurations = (
				438A14A21D8011C2005E6AF7 /* Debug */,
				438A14A31D8011C2005E6AF7 /* Release */,
			);
			defaultConfigurationIsVisible = 0;
			defaultConfigurationName = Release;
		};
/* End XCConfigurationList section */
	};
	rootObject = 438A14741D8011C2005E6AF7 /* Project object */;
}
